
Microsoft Visual Studio Solution File, Format Version 12.00
# Visual Studio 15
VisualStudioVersion = 15.0.27004.2002
MinimumVisualStudioVersion = 10.0.40219.1
Project("{2150E333-8FDC-42A3-9474-1A3956D46DE8}") = "Common", "Common", "{ADC25D01-E872-437A-95D0-31F20E5B24A6}"
EndProject
Project("{2150E333-8FDC-42A3-9474-1A3956D46DE8}") = "DataAccess", "DataAccess", "{DD23B6A2-E382-401A-9F2D-4C7F48CC4BD5}"
EndProject
Project("{FAE04EC0-301F-11D3-BF4B-00C04F79EFBC}") = "HomeCloud.DataAccess.Services", "Common\DataAccess\HomeCloud.DataAccess.Services\HomeCloud.DataAccess.Services.csproj", "{8FABA1B4-263E-42C7-A4E3-AEF6118DFCF2}"
EndProject
Project("{FAE04EC0-301F-11D3-BF4B-00C04F79EFBC}") = "HomeCloud.DataAccess.Contracts", "Common\DataAccess\HomeCloud.DataAccess.Contracts\HomeCloud.DataAccess.Contracts.csproj", "{C6F23B8B-02E0-4DE8-B754-DA6694E485B2}"
EndProject
Project("{FAE04EC0-301F-11D3-BF4B-00C04F79EFBC}") = "HomeCloud.DataAccess.Components", "Common\DataAccess\HomeCloud.DataAccess.Components\HomeCloud.DataAccess.Components.csproj", "{D612E55A-FC2F-43AB-AC5C-8B0DEFFBAD4F}"
EndProject
Project("{2150E333-8FDC-42A3-9474-1A3956D46DE8}") = "Solution Items", "Solution Items", "{94CE84EF-4806-4CB5-BF11-8AAFAD41C413}"
	ProjectSection(SolutionItems) = preProject
		DataAccessAssemblyInfo.cs = DataAccessAssemblyInfo.cs
		Settings.StyleCop = Settings.StyleCop
	EndProjectSection
EndProject
Global
	GlobalSection(SolutionConfigurationPlatforms) = preSolution
		Debug|Any CPU = Debug|Any CPU
		Release|Any CPU = Release|Any CPU
	EndGlobalSection
	GlobalSection(ProjectConfigurationPlatforms) = postSolution
		{8FABA1B4-263E-42C7-A4E3-AEF6118DFCF2}.Debug|Any CPU.ActiveCfg = Debug|Any CPU
		{8FABA1B4-263E-42C7-A4E3-AEF6118DFCF2}.Debug|Any CPU.Build.0 = Debug|Any CPU
		{8FABA1B4-263E-42C7-A4E3-AEF6118DFCF2}.Release|Any CPU.ActiveCfg = Release|Any CPU
		{8FABA1B4-263E-42C7-A4E3-AEF6118DFCF2}.Release|Any CPU.Build.0 = Release|Any CPU
		{C6F23B8B-02E0-4DE8-B754-DA6694E485B2}.Debug|Any CPU.ActiveCfg = Debug|Any CPU
		{C6F23B8B-02E0-4DE8-B754-DA6694E485B2}.Debug|Any CPU.Build.0 = Debug|Any CPU
		{C6F23B8B-02E0-4DE8-B754-DA6694E485B2}.Release|Any CPU.ActiveCfg = Release|Any CPU
		{C6F23B8B-02E0-4DE8-B754-DA6694E485B2}.Release|Any CPU.Build.0 = Release|Any CPU
		{D612E55A-FC2F-43AB-AC5C-8B0DEFFBAD4F}.Debug|Any CPU.ActiveCfg = Debug|Any CPU
		{D612E55A-FC2F-43AB-AC5C-8B0DEFFBAD4F}.Debug|Any CPU.Build.0 = Debug|Any CPU
		{D612E55A-FC2F-43AB-AC5C-8B0DEFFBAD4F}.Release|Any CPU.ActiveCfg = Release|Any CPU
		{D612E55A-FC2F-43AB-AC5C-8B0DEFFBAD4F}.Release|Any CPU.Build.0 = Release|Any CPU
	EndGlobalSection
	GlobalSection(SolutionProperties) = preSolution
		HideSolutionNode = FALSE
	EndGlobalSection
	GlobalSection(NestedProjects) = preSolution
		{DD23B6A2-E382-401A-9F2D-4C7F48CC4BD5} = {ADC25D01-E872-437A-95D0-31F20E5B24A6}
		{8FABA1B4-263E-42C7-A4E3-AEF6118DFCF2} = {DD23B6A2-E382-401A-9F2D-4C7F48CC4BD5}
		{C6F23B8B-02E0-4DE8-B754-DA6694E485B2} = {DD23B6A2-E382-401A-9F2D-4C7F48CC4BD5}
		{D612E55A-FC2F-43AB-AC5C-8B0DEFFBAD4F} = {DD23B6A2-E382-401A-9F2D-4C7F48CC4BD5}
	EndGlobalSection
	GlobalSection(ExtensibilityGlobals) = postSolution
		SolutionGuid = {DA97106E-A9E5-423B-9B9E-36E657021CB8}
	EndGlobalSection
EndGlobal
