
Microsoft Visual Studio Solution File, Format Version 12.00
# Visual Studio 15
VisualStudioVersion = 15.0.27004.2002
MinimumVisualStudioVersion = 10.0.40219.1
Project("{2150E333-8FDC-42A3-9474-1A3956D46DE8}") = "Common", "Common", "{ADC25D01-E872-437A-95D0-31F20E5B24A6}"
EndProject
Project("{2150E333-8FDC-42A3-9474-1A3956D46DE8}") = "DataAccess", "DataAccess", "{DD23B6A2-E382-401A-9F2D-4C7F48CC4BD5}"
EndProject
Project("{FAE04EC0-301F-11D3-BF4B-00C04F79EFBC}") = "HomeCloud.DataAccess.Services", "Common\DataAccess\HomeCloud.DataAccess.Services\HomeCloud.DataAccess.Services.csproj", "{8FABA1B4-263E-42C7-A4E3-AEF6118DFCF2}"
EndProject
Project("{FAE04EC0-301F-11D3-BF4B-00C04F79EFBC}") = "HomeCloud.DataAccess.Contracts", "Common\DataAccess\HomeCloud.DataAccess.Contracts\HomeCloud.DataAccess.Contracts.csproj", "{C6F23B8B-02E0-4DE8-B754-DA6694E485B2}"
EndProject
Project("{FAE04EC0-301F-11D3-BF4B-00C04F79EFBC}") = "HomeCloud.DataAccess.Components", "Common\DataAccess\HomeCloud.DataAccess.Components\HomeCloud.DataAccess.Components.csproj", "{D612E55A-FC2F-43AB-AC5C-8B0DEFFBAD4F}"
EndProject
Project("{2150E333-8FDC-42A3-9474-1A3956D46DE8}") = "Solution Items", "Solution Items", "{94CE84EF-4806-4CB5-BF11-8AAFAD41C413}"
	ProjectSection(SolutionItems) = preProject
		DataAccessAssemblyInfo.cs = DataAccessAssemblyInfo.cs
		DataStorageAssemblyInfo.cs = DataStorageAssemblyInfo.cs
		GlobalAssemblyInfo.cs = GlobalAssemblyInfo.cs
		Settings.StyleCop = Settings.StyleCop
	EndProjectSection
EndProject
Project("{2150E333-8FDC-42A3-9474-1A3956D46DE8}") = "Databases", "Databases", "{077F30D4-575C-4A2A-B5C9-8091631C2580}"
EndProject
Project("{00D1A9C2-B5F0-4AF3-8072-F6C62B433612}") = "HomeCloud.DataStorage", "Databases\HomeCloud.DataStorage\HomeCloud.DataStorage.sqlproj", "{3F39128A-3D6A-4A2B-AA8F-33557DB5F02A}"
EndProject
Project("{2150E333-8FDC-42A3-9474-1A3956D46DE8}") = "DataStorage", "DataStorage", "{384C98CA-3A90-4359-A4A7-1AA241228BB3}"
EndProject
Project("{2150E333-8FDC-42A3-9474-1A3956D46DE8}") = "Management", "Management", "{8F47BB89-E528-40BF-B30C-57C891344D74}"
EndProject
Project("{2150E333-8FDC-42A3-9474-1A3956D46DE8}") = "Clients", "Clients", "{AC551F41-2D7F-47C1-9019-04BA705F5B3A}"
EndProject
Project("{2150E333-8FDC-42A3-9474-1A3956D46DE8}") = "DataAccessComponents", "DataAccessComponents", "{B30F70AD-B12F-4D9F-ADE3-1CA24EAA4350}"
EndProject
Project("{2150E333-8FDC-42A3-9474-1A3956D46DE8}") = "BusinessComponents", "BusinessComponents", "{70BA6F3E-8CD6-4E91-8FDD-5A1AF0448C27}"
EndProject
Project("{2150E333-8FDC-42A3-9474-1A3956D46DE8}") = "DataAccessComponents", "DataAccessComponents", "{D016EA25-D7C9-4FF2-B64E-897313BFF9A7}"
EndProject
Project("{2150E333-8FDC-42A3-9474-1A3956D46DE8}") = "BusinessComponents", "BusinessComponents", "{01D9489A-3C6D-4DC2-88B3-01F909DDC651}"
EndProject
Project("{FAE04EC0-301F-11D3-BF4B-00C04F79EFBC}") = "HomeCloud.DataStorage.DataAccess.Services", "DataStorage\HomeCloud.DataStorage.DataAccess.Services\HomeCloud.DataStorage.DataAccess.Services.csproj", "{0735155E-018B-45DA-8B1A-C9C7AAACA0D9}"
EndProject
Project("{FAE04EC0-301F-11D3-BF4B-00C04F79EFBC}") = "HomeCloud.DataStorage.Business.Entities", "DataStorage\HomeCloud.DataStorage.Business.Entities\HomeCloud.DataStorage.Business.Entities.csproj", "{9B91EE48-B9A2-49BE-82A7-7349BCAA414D}"
EndProject
Project("{FAE04EC0-301F-11D3-BF4B-00C04F79EFBC}") = "HomeCloud.DataStorage.Business.Components", "DataStorage\HomeCloud.DataStorage.Business.Components\HomeCloud.DataStorage.Business.Components.csproj", "{8D3FDEC3-8565-4F4E-AE01-08C69FC851F2}"
EndProject
Project("{FAE04EC0-301F-11D3-BF4B-00C04F79EFBC}") = "HomeCloud.DataStorage.DataAccess.Contracts", "DataStorage\HomeCloud.DataStorage.DataAccess.Contracts\HomeCloud.DataStorage.DataAccess.Contracts.csproj", "{77DF87C3-0B2B-4A14-9B4F-C86B2761FCF2}"
EndProject
Project("{FAE04EC0-301F-11D3-BF4B-00C04F79EFBC}") = "HomeCloud.DataStorage.Business.Services", "DataStorage\HomeCloud.DataStorage.Business.Services\HomeCloud.DataStorage.Business.Services.csproj", "{5D3E601C-979E-43F1-B3C6-EC6A780112BD}"
EndProject
Project("{FAE04EC0-301F-11D3-BF4B-00C04F79EFBC}") = "HomeCloud.DataStorage.DataAccess.Components", "DataStorage\HomeCloud.DataStorage.DataAccess.Components\HomeCloud.DataStorage.DataAccess.Components.csproj", "{D571C54B-1A23-46E3-9D42-C52D596DEFF7}"
EndProject
Project("{FAE04EC0-301F-11D3-BF4B-00C04F79EFBC}") = "HomeCloud.DataStorage.Api.Configuration", "DataStorage\HomeCloud.DataStorage.Api.Configuration\HomeCloud.DataStorage.Api.Configuration.csproj", "{7ADC327A-5475-4D3F-A8A9-8066292DA44C}"
EndProject
Project("{FAE04EC0-301F-11D3-BF4B-00C04F79EFBC}") = "HomeCloud.DataStorage.Api.DependencyInjection", "DataStorage\HomeCloud.DataStorage.Api.DependencyInjection\HomeCloud.DataStorage.Api.DependencyInjection.csproj", "{AE623CE1-63D1-4DF9-B9BB-9A53A3C296EE}"
EndProject
Project("{9A19103F-16F7-4668-BE54-9A1E7A4F7556}") = "HomeCloud.DataStorage.Api", "DataStorage\HomeCloud.DataStorage.Api\HomeCloud.DataStorage.Api.csproj", "{A269DAF5-0124-481B-A86C-3E41C9DD6203}"
EndProject
Project("{FAE04EC0-301F-11D3-BF4B-00C04F79EFBC}") = "HomeCloud.Exceptions", "Common\HomeCloud.Exceptions\HomeCloud.Exceptions.csproj", "{85F9BA9C-3D04-4D92-A743-AFE91EF05060}"
EndProject
Project("{FAE04EC0-301F-11D3-BF4B-00C04F79EFBC}") = "HomeCloud.Core", "Common\HomeCloud.Core\HomeCloud.Core.csproj", "{C1174732-D61A-4543-9477-52278023FD78}"
EndProject
Project("{FAE04EC0-301F-11D3-BF4B-00C04F79EFBC}") = "HomeCloud.DataStorage.Business.Entities.Mapping", "DataStorage\HomeCloud.DataStorage.Business.Entities.Mapping\HomeCloud.DataStorage.Business.Entities.Mapping.csproj", "{966A2B4D-E905-4FB8-B470-8E34A014BD0A}"
EndProject
Project("{FAE04EC0-301F-11D3-BF4B-00C04F79EFBC}") = "HomeCloud.DependencyInjection", "Common\HomeCloud.DependencyInjection\HomeCloud.DependencyInjection.csproj", "{1ECFFE32-E4CB-4AE0-965F-D50911916D26}"
EndProject
Project("{FAE04EC0-301F-11D3-BF4B-00C04F79EFBC}") = "HomeCloud.DataStorage.Business.Validation", "DataStorage\HomeCloud.DataStorage.Business.Validation\HomeCloud.DataStorage.Business.Validation.csproj", "{1E4F6B7E-895B-41C0-8392-1C398794D775}"
EndProject
Project("{FAE04EC0-301F-11D3-BF4B-00C04F79EFBC}") = "HomeCloud.Validation", "Common\HomeCloud.Validation\HomeCloud.Validation.csproj", "{51D11D70-099D-449E-BBF1-ACACDAD110FF}"
EndProject
Global
	GlobalSection(SolutionConfigurationPlatforms) = preSolution
		Debug|Any CPU = Debug|Any CPU
		Release|Any CPU = Release|Any CPU
	EndGlobalSection
	GlobalSection(ProjectConfigurationPlatforms) = postSolution
		{8FABA1B4-263E-42C7-A4E3-AEF6118DFCF2}.Debug|Any CPU.ActiveCfg = Debug|Any CPU
		{8FABA1B4-263E-42C7-A4E3-AEF6118DFCF2}.Debug|Any CPU.Build.0 = Debug|Any CPU
		{8FABA1B4-263E-42C7-A4E3-AEF6118DFCF2}.Release|Any CPU.ActiveCfg = Release|Any CPU
		{8FABA1B4-263E-42C7-A4E3-AEF6118DFCF2}.Release|Any CPU.Build.0 = Release|Any CPU
		{C6F23B8B-02E0-4DE8-B754-DA6694E485B2}.Debug|Any CPU.ActiveCfg = Debug|Any CPU
		{C6F23B8B-02E0-4DE8-B754-DA6694E485B2}.Debug|Any CPU.Build.0 = Debug|Any CPU
		{C6F23B8B-02E0-4DE8-B754-DA6694E485B2}.Release|Any CPU.ActiveCfg = Release|Any CPU
		{C6F23B8B-02E0-4DE8-B754-DA6694E485B2}.Release|Any CPU.Build.0 = Release|Any CPU
		{D612E55A-FC2F-43AB-AC5C-8B0DEFFBAD4F}.Debug|Any CPU.ActiveCfg = Debug|Any CPU
		{D612E55A-FC2F-43AB-AC5C-8B0DEFFBAD4F}.Debug|Any CPU.Build.0 = Debug|Any CPU
		{D612E55A-FC2F-43AB-AC5C-8B0DEFFBAD4F}.Release|Any CPU.ActiveCfg = Release|Any CPU
		{D612E55A-FC2F-43AB-AC5C-8B0DEFFBAD4F}.Release|Any CPU.Build.0 = Release|Any CPU
		{3F39128A-3D6A-4A2B-AA8F-33557DB5F02A}.Debug|Any CPU.ActiveCfg = Debug|Any CPU
		{3F39128A-3D6A-4A2B-AA8F-33557DB5F02A}.Debug|Any CPU.Build.0 = Debug|Any CPU
		{3F39128A-3D6A-4A2B-AA8F-33557DB5F02A}.Debug|Any CPU.Deploy.0 = Debug|Any CPU
		{3F39128A-3D6A-4A2B-AA8F-33557DB5F02A}.Release|Any CPU.ActiveCfg = Release|Any CPU
		{3F39128A-3D6A-4A2B-AA8F-33557DB5F02A}.Release|Any CPU.Build.0 = Release|Any CPU
		{3F39128A-3D6A-4A2B-AA8F-33557DB5F02A}.Release|Any CPU.Deploy.0 = Release|Any CPU
		{0735155E-018B-45DA-8B1A-C9C7AAACA0D9}.Debug|Any CPU.ActiveCfg = Debug|Any CPU
		{0735155E-018B-45DA-8B1A-C9C7AAACA0D9}.Debug|Any CPU.Build.0 = Debug|Any CPU
		{0735155E-018B-45DA-8B1A-C9C7AAACA0D9}.Release|Any CPU.ActiveCfg = Release|Any CPU
		{0735155E-018B-45DA-8B1A-C9C7AAACA0D9}.Release|Any CPU.Build.0 = Release|Any CPU
		{9B91EE48-B9A2-49BE-82A7-7349BCAA414D}.Debug|Any CPU.ActiveCfg = Debug|Any CPU
		{9B91EE48-B9A2-49BE-82A7-7349BCAA414D}.Debug|Any CPU.Build.0 = Debug|Any CPU
		{9B91EE48-B9A2-49BE-82A7-7349BCAA414D}.Release|Any CPU.ActiveCfg = Release|Any CPU
		{9B91EE48-B9A2-49BE-82A7-7349BCAA414D}.Release|Any CPU.Build.0 = Release|Any CPU
		{8D3FDEC3-8565-4F4E-AE01-08C69FC851F2}.Debug|Any CPU.ActiveCfg = Debug|Any CPU
		{8D3FDEC3-8565-4F4E-AE01-08C69FC851F2}.Debug|Any CPU.Build.0 = Debug|Any CPU
		{8D3FDEC3-8565-4F4E-AE01-08C69FC851F2}.Release|Any CPU.ActiveCfg = Release|Any CPU
		{8D3FDEC3-8565-4F4E-AE01-08C69FC851F2}.Release|Any CPU.Build.0 = Release|Any CPU
		{77DF87C3-0B2B-4A14-9B4F-C86B2761FCF2}.Debug|Any CPU.ActiveCfg = Debug|Any CPU
		{77DF87C3-0B2B-4A14-9B4F-C86B2761FCF2}.Debug|Any CPU.Build.0 = Debug|Any CPU
		{77DF87C3-0B2B-4A14-9B4F-C86B2761FCF2}.Release|Any CPU.ActiveCfg = Release|Any CPU
		{77DF87C3-0B2B-4A14-9B4F-C86B2761FCF2}.Release|Any CPU.Build.0 = Release|Any CPU
		{5D3E601C-979E-43F1-B3C6-EC6A780112BD}.Debug|Any CPU.ActiveCfg = Debug|Any CPU
		{5D3E601C-979E-43F1-B3C6-EC6A780112BD}.Debug|Any CPU.Build.0 = Debug|Any CPU
		{5D3E601C-979E-43F1-B3C6-EC6A780112BD}.Release|Any CPU.ActiveCfg = Release|Any CPU
		{5D3E601C-979E-43F1-B3C6-EC6A780112BD}.Release|Any CPU.Build.0 = Release|Any CPU
		{D571C54B-1A23-46E3-9D42-C52D596DEFF7}.Debug|Any CPU.ActiveCfg = Debug|Any CPU
		{D571C54B-1A23-46E3-9D42-C52D596DEFF7}.Debug|Any CPU.Build.0 = Debug|Any CPU
		{D571C54B-1A23-46E3-9D42-C52D596DEFF7}.Release|Any CPU.ActiveCfg = Release|Any CPU
		{D571C54B-1A23-46E3-9D42-C52D596DEFF7}.Release|Any CPU.Build.0 = Release|Any CPU
		{7ADC327A-5475-4D3F-A8A9-8066292DA44C}.Debug|Any CPU.ActiveCfg = Debug|Any CPU
		{7ADC327A-5475-4D3F-A8A9-8066292DA44C}.Debug|Any CPU.Build.0 = Debug|Any CPU
		{7ADC327A-5475-4D3F-A8A9-8066292DA44C}.Release|Any CPU.ActiveCfg = Release|Any CPU
		{7ADC327A-5475-4D3F-A8A9-8066292DA44C}.Release|Any CPU.Build.0 = Release|Any CPU
		{AE623CE1-63D1-4DF9-B9BB-9A53A3C296EE}.Debug|Any CPU.ActiveCfg = Debug|Any CPU
		{AE623CE1-63D1-4DF9-B9BB-9A53A3C296EE}.Debug|Any CPU.Build.0 = Debug|Any CPU
		{AE623CE1-63D1-4DF9-B9BB-9A53A3C296EE}.Release|Any CPU.ActiveCfg = Release|Any CPU
		{AE623CE1-63D1-4DF9-B9BB-9A53A3C296EE}.Release|Any CPU.Build.0 = Release|Any CPU
		{A269DAF5-0124-481B-A86C-3E41C9DD6203}.Debug|Any CPU.ActiveCfg = Debug|Any CPU
		{A269DAF5-0124-481B-A86C-3E41C9DD6203}.Debug|Any CPU.Build.0 = Debug|Any CPU
		{A269DAF5-0124-481B-A86C-3E41C9DD6203}.Release|Any CPU.ActiveCfg = Release|Any CPU
		{A269DAF5-0124-481B-A86C-3E41C9DD6203}.Release|Any CPU.Build.0 = Release|Any CPU
		{85F9BA9C-3D04-4D92-A743-AFE91EF05060}.Debug|Any CPU.ActiveCfg = Debug|Any CPU
		{85F9BA9C-3D04-4D92-A743-AFE91EF05060}.Debug|Any CPU.Build.0 = Debug|Any CPU
		{85F9BA9C-3D04-4D92-A743-AFE91EF05060}.Release|Any CPU.ActiveCfg = Release|Any CPU
		{85F9BA9C-3D04-4D92-A743-AFE91EF05060}.Release|Any CPU.Build.0 = Release|Any CPU
		{C1174732-D61A-4543-9477-52278023FD78}.Debug|Any CPU.ActiveCfg = Debug|Any CPU
		{C1174732-D61A-4543-9477-52278023FD78}.Debug|Any CPU.Build.0 = Debug|Any CPU
		{C1174732-D61A-4543-9477-52278023FD78}.Release|Any CPU.ActiveCfg = Release|Any CPU
		{C1174732-D61A-4543-9477-52278023FD78}.Release|Any CPU.Build.0 = Release|Any CPU
		{966A2B4D-E905-4FB8-B470-8E34A014BD0A}.Debug|Any CPU.ActiveCfg = Debug|Any CPU
		{966A2B4D-E905-4FB8-B470-8E34A014BD0A}.Debug|Any CPU.Build.0 = Debug|Any CPU
		{966A2B4D-E905-4FB8-B470-8E34A014BD0A}.Release|Any CPU.ActiveCfg = Release|Any CPU
		{966A2B4D-E905-4FB8-B470-8E34A014BD0A}.Release|Any CPU.Build.0 = Release|Any CPU
		{1ECFFE32-E4CB-4AE0-965F-D50911916D26}.Debug|Any CPU.ActiveCfg = Debug|Any CPU
		{1ECFFE32-E4CB-4AE0-965F-D50911916D26}.Debug|Any CPU.Build.0 = Debug|Any CPU
		{1ECFFE32-E4CB-4AE0-965F-D50911916D26}.Release|Any CPU.ActiveCfg = Release|Any CPU
		{1ECFFE32-E4CB-4AE0-965F-D50911916D26}.Release|Any CPU.Build.0 = Release|Any CPU
		{1E4F6B7E-895B-41C0-8392-1C398794D775}.Debug|Any CPU.ActiveCfg = Debug|Any CPU
		{1E4F6B7E-895B-41C0-8392-1C398794D775}.Debug|Any CPU.Build.0 = Debug|Any CPU
		{1E4F6B7E-895B-41C0-8392-1C398794D775}.Release|Any CPU.ActiveCfg = Release|Any CPU
		{1E4F6B7E-895B-41C0-8392-1C398794D775}.Release|Any CPU.Build.0 = Release|Any CPU
		{51D11D70-099D-449E-BBF1-ACACDAD110FF}.Debug|Any CPU.ActiveCfg = Debug|Any CPU
		{51D11D70-099D-449E-BBF1-ACACDAD110FF}.Debug|Any CPU.Build.0 = Debug|Any CPU
		{51D11D70-099D-449E-BBF1-ACACDAD110FF}.Release|Any CPU.ActiveCfg = Release|Any CPU
		{51D11D70-099D-449E-BBF1-ACACDAD110FF}.Release|Any CPU.Build.0 = Release|Any CPU
	EndGlobalSection
	GlobalSection(SolutionProperties) = preSolution
		HideSolutionNode = FALSE
	EndGlobalSection
	GlobalSection(NestedProjects) = preSolution
		{DD23B6A2-E382-401A-9F2D-4C7F48CC4BD5} = {ADC25D01-E872-437A-95D0-31F20E5B24A6}
		{8FABA1B4-263E-42C7-A4E3-AEF6118DFCF2} = {DD23B6A2-E382-401A-9F2D-4C7F48CC4BD5}
		{C6F23B8B-02E0-4DE8-B754-DA6694E485B2} = {DD23B6A2-E382-401A-9F2D-4C7F48CC4BD5}
		{D612E55A-FC2F-43AB-AC5C-8B0DEFFBAD4F} = {DD23B6A2-E382-401A-9F2D-4C7F48CC4BD5}
		{3F39128A-3D6A-4A2B-AA8F-33557DB5F02A} = {077F30D4-575C-4A2A-B5C9-8091631C2580}
		{B30F70AD-B12F-4D9F-ADE3-1CA24EAA4350} = {8F47BB89-E528-40BF-B30C-57C891344D74}
		{70BA6F3E-8CD6-4E91-8FDD-5A1AF0448C27} = {8F47BB89-E528-40BF-B30C-57C891344D74}
		{D016EA25-D7C9-4FF2-B64E-897313BFF9A7} = {384C98CA-3A90-4359-A4A7-1AA241228BB3}
		{01D9489A-3C6D-4DC2-88B3-01F909DDC651} = {384C98CA-3A90-4359-A4A7-1AA241228BB3}
		{0735155E-018B-45DA-8B1A-C9C7AAACA0D9} = {D016EA25-D7C9-4FF2-B64E-897313BFF9A7}
		{9B91EE48-B9A2-49BE-82A7-7349BCAA414D} = {01D9489A-3C6D-4DC2-88B3-01F909DDC651}
		{8D3FDEC3-8565-4F4E-AE01-08C69FC851F2} = {01D9489A-3C6D-4DC2-88B3-01F909DDC651}
		{77DF87C3-0B2B-4A14-9B4F-C86B2761FCF2} = {D016EA25-D7C9-4FF2-B64E-897313BFF9A7}
		{5D3E601C-979E-43F1-B3C6-EC6A780112BD} = {01D9489A-3C6D-4DC2-88B3-01F909DDC651}
		{D571C54B-1A23-46E3-9D42-C52D596DEFF7} = {D016EA25-D7C9-4FF2-B64E-897313BFF9A7}
		{7ADC327A-5475-4D3F-A8A9-8066292DA44C} = {384C98CA-3A90-4359-A4A7-1AA241228BB3}
		{AE623CE1-63D1-4DF9-B9BB-9A53A3C296EE} = {384C98CA-3A90-4359-A4A7-1AA241228BB3}
		{A269DAF5-0124-481B-A86C-3E41C9DD6203} = {384C98CA-3A90-4359-A4A7-1AA241228BB3}
		{85F9BA9C-3D04-4D92-A743-AFE91EF05060} = {ADC25D01-E872-437A-95D0-31F20E5B24A6}
		{C1174732-D61A-4543-9477-52278023FD78} = {ADC25D01-E872-437A-95D0-31F20E5B24A6}
		{966A2B4D-E905-4FB8-B470-8E34A014BD0A} = {01D9489A-3C6D-4DC2-88B3-01F909DDC651}
		{1ECFFE32-E4CB-4AE0-965F-D50911916D26} = {ADC25D01-E872-437A-95D0-31F20E5B24A6}
		{1E4F6B7E-895B-41C0-8392-1C398794D775} = {01D9489A-3C6D-4DC2-88B3-01F909DDC651}
		{51D11D70-099D-449E-BBF1-ACACDAD110FF} = {ADC25D01-E872-437A-95D0-31F20E5B24A6}
	EndGlobalSection
	GlobalSection(ExtensibilityGlobals) = postSolution
		SolutionGuid = {DA97106E-A9E5-423B-9B9E-36E657021CB8}
	EndGlobalSection
EndGlobal
