
Microsoft Visual Studio Solution File, Format Version 12.00
# Visual Studio 15
VisualStudioVersion = 15.0.27004.2002
MinimumVisualStudioVersion = 10.0.40219.1
Project("{9A19103F-16F7-4668-BE54-9A1E7A4F7556}") = "IdentityService.Api", "IdentityService.Api\IdentityService.Api.csproj", "{AEE2F8AC-89DC-4423-B0CC-B5E0B0D1AD3B}"
EndProject
Project("{9A19103F-16F7-4668-BE54-9A1E7A4F7556}") = "IdentityService.Api.DependencyInjection", "IdentityService.Api.DependencyInjection\IdentityService.Api.DependencyInjection.csproj", "{89E1E046-63C5-4D98-8FF1-41F9EE7445CC}"
EndProject
Project("{2150E333-8FDC-42A3-9474-1A3956D46DE8}") = "Common", "Common", "{704798B5-6532-4657-B12D-C9CDB6D26B87}"
EndProject
Project("{2150E333-8FDC-42A3-9474-1A3956D46DE8}") = "DataAccessComponents", "DataAccessComponents", "{01B0114E-484B-4A77-88F3-FED16E08995C}"
EndProject
Project("{9A19103F-16F7-4668-BE54-9A1E7A4F7556}") = "HomeCloud.IdentityService.DataAccess.Abstractions", "HomeCloud.IdentityService.DataAccess.Abstractions\HomeCloud.IdentityService.DataAccess.Abstractions.csproj", "{AF619C3B-4405-4DD0-9FBA-500070614EEF}"
EndProject
Project("{9A19103F-16F7-4668-BE54-9A1E7A4F7556}") = "HomeCloud.IdentityService.DataAccess", "HomeCloud.IdentityService.DataAccess\HomeCloud.IdentityService.DataAccess.csproj", "{EA9821C8-0994-4AE5-851B-4D650170C72B}"
EndProject
Project("{9A19103F-16F7-4668-BE54-9A1E7A4F7556}") = "HomeCloud.IdentityService.DataAccess.Objects", "HomeCloud.IdentityService.DataAccess.Objects\HomeCloud.IdentityService.DataAccess.Objects.csproj", "{811E86FB-3DB2-4147-87B1-C981E48B09EE}"
EndProject
Project("{9A19103F-16F7-4668-BE54-9A1E7A4F7556}") = "HomeCloud.Core", "..\Common\HomeCloud.Core\HomeCloud.Core.csproj", "{96041581-A52E-4E72-A238-D07F9E974E6A}"
EndProject
Project("{9A19103F-16F7-4668-BE54-9A1E7A4F7556}") = "HomeCloud.Data.MongoDB", "..\Common\Data\HomeCloud.Data.MongoDB\HomeCloud.Data.MongoDB.csproj", "{338250D5-8A3F-47F4-B905-E74622805B40}"
EndProject
Project("{9A19103F-16F7-4668-BE54-9A1E7A4F7556}") = "HomeCloud.Data.Abstractions", "..\Common\Data\HomeCloud.Data.Abstractions\HomeCloud.Data.Abstractions.csproj", "{D1C0837C-EBFE-442A-A05E-07084CD0F9FF}"
EndProject
Project("{9A19103F-16F7-4668-BE54-9A1E7A4F7556}") = "HomeCloud.DependencyInjection", "..\Common\HomeCloud.DependencyInjection\HomeCloud.DependencyInjection.csproj", "{5F469DC0-C928-4DBA-BF8D-8D2F63A3F09F}"
EndProject
Project("{2150E333-8FDC-42A3-9474-1A3956D46DE8}") = "BusinessComponents", "BusinessComponents", "{88E5BA03-4275-4ED1-8CCF-1E23DABB228F}"
EndProject
Project("{9A19103F-16F7-4668-BE54-9A1E7A4F7556}") = "HomeCloud.Mapping", "..\Common\HomeCloud.Mapping\HomeCloud.Mapping.csproj", "{87FE39AA-148A-4C65-9E93-3C56E04B2F03}"
EndProject
Project("{9A19103F-16F7-4668-BE54-9A1E7A4F7556}") = "HomeCloud.Core.Extensions", "..\Common\Extensions\HomeCloud.Core.Extensions\HomeCloud.Core.Extensions.csproj", "{911F802D-A6D8-43D3-9717-8C792BA88935}"
EndProject
Project("{9A19103F-16F7-4668-BE54-9A1E7A4F7556}") = "HomeCloud.IdentityService.Business.Providers.Abstractions", "HomeCloud.IdentityService.Business.Providers.Abstractions\HomeCloud.IdentityService.Business.Providers.Abstractions.csproj", "{E58F1A24-ED01-4D45-B878-4993EDA979C0}"
EndProject
Project("{9A19103F-16F7-4668-BE54-9A1E7A4F7556}") = "HomeCloud.IdentityService.Business.Providers", "HomeCloud.IdentityService.Business.Providers\HomeCloud.IdentityService.Business.Providers.csproj", "{98B8D2F9-BF66-4060-B70A-4EFECD988FC5}"
EndProject
Project("{9A19103F-16F7-4668-BE54-9A1E7A4F7556}") = "HomeCloud.IdentityService.Business.Services.Abstractions", "HomeCloud.IdentityService.Business.Services.Abstractions\HomeCloud.IdentityService.Business.Services.Abstractions.csproj", "{4C4CEBEF-57E0-40BF-9122-18DE1E37DB20}"
EndProject
Project("{9A19103F-16F7-4668-BE54-9A1E7A4F7556}") = "HomeCloud.IdentityService.Business.Services", "HomeCloud.IdentityService.Business.Services\HomeCloud.IdentityService.Business.Services.csproj", "{4C28FB81-5DC6-4E26-9C4B-92E7087F2D4A}"
EndProject
Project("{9A19103F-16F7-4668-BE54-9A1E7A4F7556}") = "HomeCloud.IdentityService.Business.Entities", "HomeCloud.IdentityService.Business.Entities\HomeCloud.IdentityService.Business.Entities.csproj", "{0C3840A5-22CF-4C3D-9CCA-FC557F410D7D}"
EndProject
Project("{9A19103F-16F7-4668-BE54-9A1E7A4F7556}") = "HomeCloud.IdentityService.Business.Entities.Converters", "HomeCloud.IdentityService.Business.Entities.Converters\HomeCloud.IdentityService.Business.Entities.Converters.csproj", "{0003F967-5A13-4064-9813-941DC23F803A}"
EndProject
Project("{9A19103F-16F7-4668-BE54-9A1E7A4F7556}") = "HomeCloud.Validation", "..\Common\HomeCloud.Validation\HomeCloud.Validation.csproj", "{023139B1-BC8B-48C3-AAAC-DDB1E4417CDE}"
EndProject
Project("{FAE04EC0-301F-11D3-BF4B-00C04F79EFBC}") = "HomeCloud.IdentityService.Api.Models", "HomeCloud.IdentityService.Api.Models\HomeCloud.IdentityService.Api.Models.csproj", "{7B336D4C-CEC9-4549-8FAA-4C77B8D1ACA3}"
EndProject
Project("{FAE04EC0-301F-11D3-BF4B-00C04F79EFBC}") = "HomeCloud.IdentityService.Api.Models.Converters", "HomeCloud.IdentityService.Api.Models.Converters\HomeCloud.IdentityService.Api.Models.Converters.csproj", "{BEBF0F19-4A29-43EA-8166-9BF626288A41}"
EndProject
Project("{9A19103F-16F7-4668-BE54-9A1E7A4F7556}") = "HomeCloud.Mvc.Models", "..\Common\Mvc\HomeCloud.Mvc.Models\HomeCloud.Mvc.Models.csproj", "{FFC78DA8-22C4-43CE-9BD0-3F097B267992}"
EndProject
Global
	GlobalSection(SolutionConfigurationPlatforms) = preSolution
		Debug|Any CPU = Debug|Any CPU
		Release|Any CPU = Release|Any CPU
	EndGlobalSection
	GlobalSection(ProjectConfigurationPlatforms) = postSolution
		{AEE2F8AC-89DC-4423-B0CC-B5E0B0D1AD3B}.Debug|Any CPU.ActiveCfg = Debug|Any CPU
		{AEE2F8AC-89DC-4423-B0CC-B5E0B0D1AD3B}.Debug|Any CPU.Build.0 = Debug|Any CPU
		{AEE2F8AC-89DC-4423-B0CC-B5E0B0D1AD3B}.Release|Any CPU.ActiveCfg = Release|Any CPU
		{AEE2F8AC-89DC-4423-B0CC-B5E0B0D1AD3B}.Release|Any CPU.Build.0 = Release|Any CPU
		{89E1E046-63C5-4D98-8FF1-41F9EE7445CC}.Debug|Any CPU.ActiveCfg = Debug|Any CPU
		{89E1E046-63C5-4D98-8FF1-41F9EE7445CC}.Debug|Any CPU.Build.0 = Debug|Any CPU
		{89E1E046-63C5-4D98-8FF1-41F9EE7445CC}.Release|Any CPU.ActiveCfg = Release|Any CPU
		{89E1E046-63C5-4D98-8FF1-41F9EE7445CC}.Release|Any CPU.Build.0 = Release|Any CPU
		{AF619C3B-4405-4DD0-9FBA-500070614EEF}.Debug|Any CPU.ActiveCfg = Debug|Any CPU
		{AF619C3B-4405-4DD0-9FBA-500070614EEF}.Debug|Any CPU.Build.0 = Debug|Any CPU
		{AF619C3B-4405-4DD0-9FBA-500070614EEF}.Release|Any CPU.ActiveCfg = Release|Any CPU
		{AF619C3B-4405-4DD0-9FBA-500070614EEF}.Release|Any CPU.Build.0 = Release|Any CPU
		{EA9821C8-0994-4AE5-851B-4D650170C72B}.Debug|Any CPU.ActiveCfg = Debug|Any CPU
		{EA9821C8-0994-4AE5-851B-4D650170C72B}.Debug|Any CPU.Build.0 = Debug|Any CPU
		{EA9821C8-0994-4AE5-851B-4D650170C72B}.Release|Any CPU.ActiveCfg = Release|Any CPU
		{EA9821C8-0994-4AE5-851B-4D650170C72B}.Release|Any CPU.Build.0 = Release|Any CPU
		{811E86FB-3DB2-4147-87B1-C981E48B09EE}.Debug|Any CPU.ActiveCfg = Debug|Any CPU
		{811E86FB-3DB2-4147-87B1-C981E48B09EE}.Debug|Any CPU.Build.0 = Debug|Any CPU
		{811E86FB-3DB2-4147-87B1-C981E48B09EE}.Release|Any CPU.ActiveCfg = Release|Any CPU
		{811E86FB-3DB2-4147-87B1-C981E48B09EE}.Release|Any CPU.Build.0 = Release|Any CPU
		{96041581-A52E-4E72-A238-D07F9E974E6A}.Debug|Any CPU.ActiveCfg = Debug|Any CPU
		{96041581-A52E-4E72-A238-D07F9E974E6A}.Debug|Any CPU.Build.0 = Debug|Any CPU
		{96041581-A52E-4E72-A238-D07F9E974E6A}.Release|Any CPU.ActiveCfg = Release|Any CPU
		{96041581-A52E-4E72-A238-D07F9E974E6A}.Release|Any CPU.Build.0 = Release|Any CPU
		{338250D5-8A3F-47F4-B905-E74622805B40}.Debug|Any CPU.ActiveCfg = Debug|Any CPU
		{338250D5-8A3F-47F4-B905-E74622805B40}.Debug|Any CPU.Build.0 = Debug|Any CPU
		{338250D5-8A3F-47F4-B905-E74622805B40}.Release|Any CPU.ActiveCfg = Release|Any CPU
		{338250D5-8A3F-47F4-B905-E74622805B40}.Release|Any CPU.Build.0 = Release|Any CPU
		{D1C0837C-EBFE-442A-A05E-07084CD0F9FF}.Debug|Any CPU.ActiveCfg = Debug|Any CPU
		{D1C0837C-EBFE-442A-A05E-07084CD0F9FF}.Debug|Any CPU.Build.0 = Debug|Any CPU
		{D1C0837C-EBFE-442A-A05E-07084CD0F9FF}.Release|Any CPU.ActiveCfg = Release|Any CPU
		{D1C0837C-EBFE-442A-A05E-07084CD0F9FF}.Release|Any CPU.Build.0 = Release|Any CPU
		{5F469DC0-C928-4DBA-BF8D-8D2F63A3F09F}.Debug|Any CPU.ActiveCfg = Debug|Any CPU
		{5F469DC0-C928-4DBA-BF8D-8D2F63A3F09F}.Debug|Any CPU.Build.0 = Debug|Any CPU
		{5F469DC0-C928-4DBA-BF8D-8D2F63A3F09F}.Release|Any CPU.ActiveCfg = Release|Any CPU
		{5F469DC0-C928-4DBA-BF8D-8D2F63A3F09F}.Release|Any CPU.Build.0 = Release|Any CPU
		{87FE39AA-148A-4C65-9E93-3C56E04B2F03}.Debug|Any CPU.ActiveCfg = Debug|Any CPU
		{87FE39AA-148A-4C65-9E93-3C56E04B2F03}.Debug|Any CPU.Build.0 = Debug|Any CPU
		{87FE39AA-148A-4C65-9E93-3C56E04B2F03}.Release|Any CPU.ActiveCfg = Release|Any CPU
		{87FE39AA-148A-4C65-9E93-3C56E04B2F03}.Release|Any CPU.Build.0 = Release|Any CPU
		{911F802D-A6D8-43D3-9717-8C792BA88935}.Debug|Any CPU.ActiveCfg = Debug|Any CPU
		{911F802D-A6D8-43D3-9717-8C792BA88935}.Debug|Any CPU.Build.0 = Debug|Any CPU
		{911F802D-A6D8-43D3-9717-8C792BA88935}.Release|Any CPU.ActiveCfg = Release|Any CPU
		{911F802D-A6D8-43D3-9717-8C792BA88935}.Release|Any CPU.Build.0 = Release|Any CPU
		{E58F1A24-ED01-4D45-B878-4993EDA979C0}.Debug|Any CPU.ActiveCfg = Debug|Any CPU
		{E58F1A24-ED01-4D45-B878-4993EDA979C0}.Debug|Any CPU.Build.0 = Debug|Any CPU
		{E58F1A24-ED01-4D45-B878-4993EDA979C0}.Release|Any CPU.ActiveCfg = Release|Any CPU
		{E58F1A24-ED01-4D45-B878-4993EDA979C0}.Release|Any CPU.Build.0 = Release|Any CPU
		{98B8D2F9-BF66-4060-B70A-4EFECD988FC5}.Debug|Any CPU.ActiveCfg = Debug|Any CPU
		{98B8D2F9-BF66-4060-B70A-4EFECD988FC5}.Debug|Any CPU.Build.0 = Debug|Any CPU
		{98B8D2F9-BF66-4060-B70A-4EFECD988FC5}.Release|Any CPU.ActiveCfg = Release|Any CPU
		{98B8D2F9-BF66-4060-B70A-4EFECD988FC5}.Release|Any CPU.Build.0 = Release|Any CPU
		{4C4CEBEF-57E0-40BF-9122-18DE1E37DB20}.Debug|Any CPU.ActiveCfg = Debug|Any CPU
		{4C4CEBEF-57E0-40BF-9122-18DE1E37DB20}.Debug|Any CPU.Build.0 = Debug|Any CPU
		{4C4CEBEF-57E0-40BF-9122-18DE1E37DB20}.Release|Any CPU.ActiveCfg = Release|Any CPU
		{4C4CEBEF-57E0-40BF-9122-18DE1E37DB20}.Release|Any CPU.Build.0 = Release|Any CPU
		{4C28FB81-5DC6-4E26-9C4B-92E7087F2D4A}.Debug|Any CPU.ActiveCfg = Debug|Any CPU
		{4C28FB81-5DC6-4E26-9C4B-92E7087F2D4A}.Debug|Any CPU.Build.0 = Debug|Any CPU
		{4C28FB81-5DC6-4E26-9C4B-92E7087F2D4A}.Release|Any CPU.ActiveCfg = Release|Any CPU
		{4C28FB81-5DC6-4E26-9C4B-92E7087F2D4A}.Release|Any CPU.Build.0 = Release|Any CPU
		{0C3840A5-22CF-4C3D-9CCA-FC557F410D7D}.Debug|Any CPU.ActiveCfg = Debug|Any CPU
		{0C3840A5-22CF-4C3D-9CCA-FC557F410D7D}.Debug|Any CPU.Build.0 = Debug|Any CPU
		{0C3840A5-22CF-4C3D-9CCA-FC557F410D7D}.Release|Any CPU.ActiveCfg = Release|Any CPU
		{0C3840A5-22CF-4C3D-9CCA-FC557F410D7D}.Release|Any CPU.Build.0 = Release|Any CPU
		{0003F967-5A13-4064-9813-941DC23F803A}.Debug|Any CPU.ActiveCfg = Debug|Any CPU
		{0003F967-5A13-4064-9813-941DC23F803A}.Debug|Any CPU.Build.0 = Debug|Any CPU
		{0003F967-5A13-4064-9813-941DC23F803A}.Release|Any CPU.ActiveCfg = Release|Any CPU
		{0003F967-5A13-4064-9813-941DC23F803A}.Release|Any CPU.Build.0 = Release|Any CPU
		{023139B1-BC8B-48C3-AAAC-DDB1E4417CDE}.Debug|Any CPU.ActiveCfg = Debug|Any CPU
		{023139B1-BC8B-48C3-AAAC-DDB1E4417CDE}.Debug|Any CPU.Build.0 = Debug|Any CPU
		{023139B1-BC8B-48C3-AAAC-DDB1E4417CDE}.Release|Any CPU.ActiveCfg = Release|Any CPU
		{023139B1-BC8B-48C3-AAAC-DDB1E4417CDE}.Release|Any CPU.Build.0 = Release|Any CPU
		{7B336D4C-CEC9-4549-8FAA-4C77B8D1ACA3}.Debug|Any CPU.ActiveCfg = Debug|Any CPU
		{7B336D4C-CEC9-4549-8FAA-4C77B8D1ACA3}.Debug|Any CPU.Build.0 = Debug|Any CPU
		{7B336D4C-CEC9-4549-8FAA-4C77B8D1ACA3}.Release|Any CPU.ActiveCfg = Release|Any CPU
		{7B336D4C-CEC9-4549-8FAA-4C77B8D1ACA3}.Release|Any CPU.Build.0 = Release|Any CPU
		{BEBF0F19-4A29-43EA-8166-9BF626288A41}.Debug|Any CPU.ActiveCfg = Debug|Any CPU
		{BEBF0F19-4A29-43EA-8166-9BF626288A41}.Debug|Any CPU.Build.0 = Debug|Any CPU
		{BEBF0F19-4A29-43EA-8166-9BF626288A41}.Release|Any CPU.ActiveCfg = Release|Any CPU
		{BEBF0F19-4A29-43EA-8166-9BF626288A41}.Release|Any CPU.Build.0 = Release|Any CPU
		{FFC78DA8-22C4-43CE-9BD0-3F097B267992}.Debug|Any CPU.ActiveCfg = Debug|Any CPU
		{FFC78DA8-22C4-43CE-9BD0-3F097B267992}.Debug|Any CPU.Build.0 = Debug|Any CPU
		{FFC78DA8-22C4-43CE-9BD0-3F097B267992}.Release|Any CPU.ActiveCfg = Release|Any CPU
		{FFC78DA8-22C4-43CE-9BD0-3F097B267992}.Release|Any CPU.Build.0 = Release|Any CPU
	EndGlobalSection
	GlobalSection(SolutionProperties) = preSolution
		HideSolutionNode = FALSE
	EndGlobalSection
	GlobalSection(NestedProjects) = preSolution
		{AF619C3B-4405-4DD0-9FBA-500070614EEF} = {01B0114E-484B-4A77-88F3-FED16E08995C}
		{EA9821C8-0994-4AE5-851B-4D650170C72B} = {01B0114E-484B-4A77-88F3-FED16E08995C}
		{811E86FB-3DB2-4147-87B1-C981E48B09EE} = {01B0114E-484B-4A77-88F3-FED16E08995C}
		{96041581-A52E-4E72-A238-D07F9E974E6A} = {704798B5-6532-4657-B12D-C9CDB6D26B87}
		{338250D5-8A3F-47F4-B905-E74622805B40} = {704798B5-6532-4657-B12D-C9CDB6D26B87}
		{D1C0837C-EBFE-442A-A05E-07084CD0F9FF} = {704798B5-6532-4657-B12D-C9CDB6D26B87}
		{5F469DC0-C928-4DBA-BF8D-8D2F63A3F09F} = {704798B5-6532-4657-B12D-C9CDB6D26B87}
		{87FE39AA-148A-4C65-9E93-3C56E04B2F03} = {704798B5-6532-4657-B12D-C9CDB6D26B87}
		{911F802D-A6D8-43D3-9717-8C792BA88935} = {704798B5-6532-4657-B12D-C9CDB6D26B87}
		{E58F1A24-ED01-4D45-B878-4993EDA979C0} = {88E5BA03-4275-4ED1-8CCF-1E23DABB228F}
		{98B8D2F9-BF66-4060-B70A-4EFECD988FC5} = {88E5BA03-4275-4ED1-8CCF-1E23DABB228F}
		{4C4CEBEF-57E0-40BF-9122-18DE1E37DB20} = {88E5BA03-4275-4ED1-8CCF-1E23DABB228F}
		{4C28FB81-5DC6-4E26-9C4B-92E7087F2D4A} = {88E5BA03-4275-4ED1-8CCF-1E23DABB228F}
		{0C3840A5-22CF-4C3D-9CCA-FC557F410D7D} = {88E5BA03-4275-4ED1-8CCF-1E23DABB228F}
		{0003F967-5A13-4064-9813-941DC23F803A} = {88E5BA03-4275-4ED1-8CCF-1E23DABB228F}
		{023139B1-BC8B-48C3-AAAC-DDB1E4417CDE} = {704798B5-6532-4657-B12D-C9CDB6D26B87}
		{FFC78DA8-22C4-43CE-9BD0-3F097B267992} = {704798B5-6532-4657-B12D-C9CDB6D26B87}
	EndGlobalSection
	GlobalSection(ExtensibilityGlobals) = postSolution
		SolutionGuid = {E1BF0BFA-F2D3-4408-A875-9C702A554864}
	EndGlobalSection
EndGlobal
