
Microsoft Visual Studio Solution File, Format Version 12.00
# Visual Studio 15
VisualStudioVersion = 15.0.27004.2002
MinimumVisualStudioVersion = 10.0.40219.1
Project("{9A19103F-16F7-4668-BE54-9A1E7A4F7556}") = "HomeCloud.Management.Web", "HomeCloud.Management.Web\HomeCloud.Management.Web.csproj", "{6EC20807-F8B4-45F7-9DD7-3BE750E4BBF1}"
EndProject
Global
	GlobalSection(SolutionConfigurationPlatforms) = preSolution
		Debug|Any CPU = Debug|Any CPU
		Release|Any CPU = Release|Any CPU
	EndGlobalSection
	GlobalSection(ProjectConfigurationPlatforms) = postSolution
		{6EC20807-F8B4-45F7-9DD7-3BE750E4BBF1}.Debug|Any CPU.ActiveCfg = Debug|Any CPU
		{6EC20807-F8B4-45F7-9DD7-3BE750E4BBF1}.Debug|Any CPU.Build.0 = Debug|Any CPU
		{6EC20807-F8B4-45F7-9DD7-3BE750E4BBF1}.Release|Any CPU.ActiveCfg = Release|Any CPU
		{6EC20807-F8B4-45F7-9DD7-3BE750E4BBF1}.Release|Any CPU.Build.0 = Release|Any CPU
	EndGlobalSection
	GlobalSection(SolutionProperties) = preSolution
		HideSolutionNode = FALSE
	EndGlobalSection
	GlobalSection(ExtensibilityGlobals) = postSolution
		SolutionGuid = {BA6D10C6-5EC8-4AF9-8C54-18FA7417E0BA}
	EndGlobalSection
EndGlobal
