
Microsoft Visual Studio Solution File, Format Version 12.00
# Visual Studio 15
VisualStudioVersion = 15.0.27004.2002
MinimumVisualStudioVersion = 10.0.40219.1
Project("{2150E333-8FDC-42A3-9474-1A3956D46DE8}") = "Data", "Data", "{9824EC56-16FC-42B6-8031-CA71028F20A9}"
EndProject
Project("{2150E333-8FDC-42A3-9474-1A3956D46DE8}") = "Mvc", "Mvc", "{8DDC541E-38F3-411C-BF4B-34D2191D6419}"
EndProject
Project("{9A19103F-16F7-4668-BE54-9A1E7A4F7556}") = "HomeCloud.Data.Abstractions", "Data\HomeCloud.Data.Abstractions\HomeCloud.Data.Abstractions.csproj", "{00C2B657-F061-4609-BBC5-FB5FEEE64D4A}"
EndProject
Project("{9A19103F-16F7-4668-BE54-9A1E7A4F7556}") = "HomeCloud.Core", "HomeCloud.Core\HomeCloud.Core.csproj", "{C1174732-D61A-4543-9477-52278023FD78}"
EndProject
Project("{9A19103F-16F7-4668-BE54-9A1E7A4F7556}") = "HomeCloud.Data.Http", "Data\HomeCloud.Data.Http\HomeCloud.Data.Http.csproj", "{C06D83D7-E244-4739-872A-309D869EFE0D}"
EndProject
Project("{2150E333-8FDC-42A3-9474-1A3956D46DE8}") = "Extensions", "Extensions", "{AAA1DC68-FB28-457E-BC7E-78D5034EC0A2}"
EndProject
Project("{9A19103F-16F7-4668-BE54-9A1E7A4F7556}") = "HomeCloud.Http.Extensions", "Extensions\HomeCloud.Http.Extensions\HomeCloud.Http.Extensions.csproj", "{3EBC0AE4-1DA8-4078-B784-B4454AD0FFBA}"
EndProject
Project("{9A19103F-16F7-4668-BE54-9A1E7A4F7556}") = "HomeCloud.Data.MongoDB", "Data\HomeCloud.Data.MongoDB\HomeCloud.Data.MongoDB.csproj", "{36B2A750-CE8A-4E01-BCF6-69DC13E6DA67}"
EndProject
Project("{9A19103F-16F7-4668-BE54-9A1E7A4F7556}") = "HomeCloud.Data.SqlServer", "Data\HomeCloud.Data.SqlServer\HomeCloud.Data.SqlServer.csproj", "{A3BE1A57-C150-413C-8323-755E80202154}"
EndProject
Project("{9A19103F-16F7-4668-BE54-9A1E7A4F7556}") = "HomeCloud.DependencyInjection", "HomeCloud.DependencyInjection\HomeCloud.DependencyInjection.csproj", "{1ECFFE32-E4CB-4AE0-965F-D50911916D26}"
EndProject
Project("{9A19103F-16F7-4668-BE54-9A1E7A4F7556}") = "HomeCloud.Scheduling", "HomeCloud.Scheduling\HomeCloud.Scheduling.csproj", "{6551B692-F75C-4898-8FD3-F540B95229F2}"
EndProject
Project("{9A19103F-16F7-4668-BE54-9A1E7A4F7556}") = "HomeCloud.Core.Extensions", "Extensions\HomeCloud.Core.Extensions\HomeCloud.Core.Extensions.csproj", "{8FE83AE3-9BF7-4956-9952-365ED986D33B}"
EndProject
Project("{9A19103F-16F7-4668-BE54-9A1E7A4F7556}") = "HomeCloud.Mapping", "HomeCloud.Mapping\HomeCloud.Mapping.csproj", "{E7EE67FB-9CA6-4465-ADE9-0D24C78394B4}"
EndProject
Project("{9A19103F-16F7-4668-BE54-9A1E7A4F7556}") = "HomeCloud.Exceptions", "HomeCloud.Exceptions\HomeCloud.Exceptions.csproj", "{85F9BA9C-3D04-4D92-A743-AFE91EF05060}"
EndProject
Project("{9A19103F-16F7-4668-BE54-9A1E7A4F7556}") = "HomeCloud.Http", "HomeCloud.Http\HomeCloud.Http.csproj", "{34DB5044-045D-4453-B599-529347F002A0}"
EndProject
Project("{9A19103F-16F7-4668-BE54-9A1E7A4F7556}") = "HomeCloud.Mvc.Exceptions", "Mvc\HomeCloud.Mvc.Exceptions\HomeCloud.Mvc.Exceptions.csproj", "{0353AB83-7AF4-49C3-9916-AF12D5A3B064}"
EndProject
Project("{9A19103F-16F7-4668-BE54-9A1E7A4F7556}") = "HomeCloud.Mvc.Hypermedia", "Mvc\HomeCloud.Mvc.Hypermedia\HomeCloud.Mvc.Hypermedia.csproj", "{4299C778-E949-4099-9CCD-6937F98213B1}"
EndProject
Project("{9A19103F-16F7-4668-BE54-9A1E7A4F7556}") = "HomeCloud.Validation", "HomeCloud.Validation\HomeCloud.Validation.csproj", "{51D11D70-099D-449E-BBF1-ACACDAD110FF}"
EndProject
Project("{9A19103F-16F7-4668-BE54-9A1E7A4F7556}") = "HomeCloud.Mvc.DataAnnotations", "Mvc\HomeCloud.Mvc.DataAnnotations\HomeCloud.Mvc.DataAnnotations.csproj", "{0C4DEBF2-9804-4B53-A52A-021618A0C1C3}"
EndProject
Project("{9A19103F-16F7-4668-BE54-9A1E7A4F7556}") = "HomeCloud.Mvc.Validation", "Mvc\HomeCloud.Mvc.Validation\HomeCloud.Mvc.Validation.csproj", "{26A16823-5E98-4669-86DC-4F699FD4033C}"
EndProject
Project("{9A19103F-16F7-4668-BE54-9A1E7A4F7556}") = "HomeCloud.Mvc.Formatters", "Mvc\HomeCloud.Mvc.Formatters\HomeCloud.Mvc.Formatters.csproj", "{B82834D7-7B33-4A37-A424-599862B026F5}"
EndProject
Project("{9A19103F-16F7-4668-BE54-9A1E7A4F7556}") = "HomeCloud.Mvc.Providers", "Mvc\HomeCloud.Mvc.Providers\HomeCloud.Mvc.Providers.csproj", "{500BA93B-94FD-46D9-A215-BA0B2CBFBCCE}"
EndProject
Project("{9A19103F-16F7-4668-BE54-9A1E7A4F7556}") = "HomeCloud.Mvc", "Mvc\HomeCloud.Mvc\HomeCloud.Mvc.csproj", "{420B0A8A-7118-4B10-8A44-9030142D7F4D}"
EndProject
Project("{9A19103F-16F7-4668-BE54-9A1E7A4F7556}") = "HomeCloud.Mvc.Models", "Mvc\HomeCloud.Mvc.Models\HomeCloud.Mvc.Models.csproj", "{88B6CC8F-C29E-4D84-8500-AA9819A8068C}"
EndProject
Project("{9A19103F-16F7-4668-BE54-9A1E7A4F7556}") = "HomeCloud.Data.IO", "Data\HomeCloud.Data.IO\HomeCloud.Data.IO.csproj", "{8A3D2C25-A38A-4740-9117-E085AE3A6E03}"
EndProject
Project("{9A19103F-16F7-4668-BE54-9A1E7A4F7556}") = "HomeCloud.Mvc.ActionConstraints", "Mvc\HomeCloud.Mvc.ActionConstraints\HomeCloud.Mvc.ActionConstraints.csproj", "{6ACD58F9-AD07-4555-882B-BBA0236D7662}"
EndProject
Project("{9A19103F-16F7-4668-BE54-9A1E7A4F7556}") = "HomeCloud.Mvc.Rest", "Mvc\HomeCloud.Mvc.Rest\HomeCloud.Mvc.Rest.csproj", "{CC9C4CD2-E91E-4A28-857E-345DDD4592A9}"
EndProject
Global
	GlobalSection(SolutionConfigurationPlatforms) = preSolution
		Debug|Any CPU = Debug|Any CPU
		Release|Any CPU = Release|Any CPU
	EndGlobalSection
	GlobalSection(ProjectConfigurationPlatforms) = postSolution
		{00C2B657-F061-4609-BBC5-FB5FEEE64D4A}.Debug|Any CPU.ActiveCfg = Debug|Any CPU
		{00C2B657-F061-4609-BBC5-FB5FEEE64D4A}.Debug|Any CPU.Build.0 = Debug|Any CPU
		{00C2B657-F061-4609-BBC5-FB5FEEE64D4A}.Release|Any CPU.ActiveCfg = Release|Any CPU
		{00C2B657-F061-4609-BBC5-FB5FEEE64D4A}.Release|Any CPU.Build.0 = Release|Any CPU
		{C1174732-D61A-4543-9477-52278023FD78}.Debug|Any CPU.ActiveCfg = Debug|Any CPU
		{C1174732-D61A-4543-9477-52278023FD78}.Debug|Any CPU.Build.0 = Debug|Any CPU
		{C1174732-D61A-4543-9477-52278023FD78}.Release|Any CPU.ActiveCfg = Release|Any CPU
		{C1174732-D61A-4543-9477-52278023FD78}.Release|Any CPU.Build.0 = Release|Any CPU
		{C06D83D7-E244-4739-872A-309D869EFE0D}.Debug|Any CPU.ActiveCfg = Debug|Any CPU
		{C06D83D7-E244-4739-872A-309D869EFE0D}.Debug|Any CPU.Build.0 = Debug|Any CPU
		{C06D83D7-E244-4739-872A-309D869EFE0D}.Release|Any CPU.ActiveCfg = Release|Any CPU
		{C06D83D7-E244-4739-872A-309D869EFE0D}.Release|Any CPU.Build.0 = Release|Any CPU
		{3EBC0AE4-1DA8-4078-B784-B4454AD0FFBA}.Debug|Any CPU.ActiveCfg = Debug|Any CPU
		{3EBC0AE4-1DA8-4078-B784-B4454AD0FFBA}.Debug|Any CPU.Build.0 = Debug|Any CPU
		{3EBC0AE4-1DA8-4078-B784-B4454AD0FFBA}.Release|Any CPU.ActiveCfg = Release|Any CPU
		{3EBC0AE4-1DA8-4078-B784-B4454AD0FFBA}.Release|Any CPU.Build.0 = Release|Any CPU
		{36B2A750-CE8A-4E01-BCF6-69DC13E6DA67}.Debug|Any CPU.ActiveCfg = Debug|Any CPU
		{36B2A750-CE8A-4E01-BCF6-69DC13E6DA67}.Debug|Any CPU.Build.0 = Debug|Any CPU
		{36B2A750-CE8A-4E01-BCF6-69DC13E6DA67}.Release|Any CPU.ActiveCfg = Release|Any CPU
		{36B2A750-CE8A-4E01-BCF6-69DC13E6DA67}.Release|Any CPU.Build.0 = Release|Any CPU
		{A3BE1A57-C150-413C-8323-755E80202154}.Debug|Any CPU.ActiveCfg = Debug|Any CPU
		{A3BE1A57-C150-413C-8323-755E80202154}.Debug|Any CPU.Build.0 = Debug|Any CPU
		{A3BE1A57-C150-413C-8323-755E80202154}.Release|Any CPU.ActiveCfg = Release|Any CPU
		{A3BE1A57-C150-413C-8323-755E80202154}.Release|Any CPU.Build.0 = Release|Any CPU
		{1ECFFE32-E4CB-4AE0-965F-D50911916D26}.Debug|Any CPU.ActiveCfg = Debug|Any CPU
		{1ECFFE32-E4CB-4AE0-965F-D50911916D26}.Debug|Any CPU.Build.0 = Debug|Any CPU
		{1ECFFE32-E4CB-4AE0-965F-D50911916D26}.Release|Any CPU.ActiveCfg = Release|Any CPU
		{1ECFFE32-E4CB-4AE0-965F-D50911916D26}.Release|Any CPU.Build.0 = Release|Any CPU
		{6551B692-F75C-4898-8FD3-F540B95229F2}.Debug|Any CPU.ActiveCfg = Debug|Any CPU
		{6551B692-F75C-4898-8FD3-F540B95229F2}.Debug|Any CPU.Build.0 = Debug|Any CPU
		{6551B692-F75C-4898-8FD3-F540B95229F2}.Release|Any CPU.ActiveCfg = Release|Any CPU
		{6551B692-F75C-4898-8FD3-F540B95229F2}.Release|Any CPU.Build.0 = Release|Any CPU
		{8FE83AE3-9BF7-4956-9952-365ED986D33B}.Debug|Any CPU.ActiveCfg = Debug|Any CPU
		{8FE83AE3-9BF7-4956-9952-365ED986D33B}.Debug|Any CPU.Build.0 = Debug|Any CPU
		{8FE83AE3-9BF7-4956-9952-365ED986D33B}.Release|Any CPU.ActiveCfg = Release|Any CPU
		{8FE83AE3-9BF7-4956-9952-365ED986D33B}.Release|Any CPU.Build.0 = Release|Any CPU
		{E7EE67FB-9CA6-4465-ADE9-0D24C78394B4}.Debug|Any CPU.ActiveCfg = Debug|Any CPU
		{E7EE67FB-9CA6-4465-ADE9-0D24C78394B4}.Debug|Any CPU.Build.0 = Debug|Any CPU
		{E7EE67FB-9CA6-4465-ADE9-0D24C78394B4}.Release|Any CPU.ActiveCfg = Release|Any CPU
		{E7EE67FB-9CA6-4465-ADE9-0D24C78394B4}.Release|Any CPU.Build.0 = Release|Any CPU
		{85F9BA9C-3D04-4D92-A743-AFE91EF05060}.Debug|Any CPU.ActiveCfg = Debug|Any CPU
		{85F9BA9C-3D04-4D92-A743-AFE91EF05060}.Debug|Any CPU.Build.0 = Debug|Any CPU
		{85F9BA9C-3D04-4D92-A743-AFE91EF05060}.Release|Any CPU.ActiveCfg = Release|Any CPU
		{85F9BA9C-3D04-4D92-A743-AFE91EF05060}.Release|Any CPU.Build.0 = Release|Any CPU
		{34DB5044-045D-4453-B599-529347F002A0}.Debug|Any CPU.ActiveCfg = Debug|Any CPU
		{34DB5044-045D-4453-B599-529347F002A0}.Debug|Any CPU.Build.0 = Debug|Any CPU
		{34DB5044-045D-4453-B599-529347F002A0}.Release|Any CPU.ActiveCfg = Release|Any CPU
		{34DB5044-045D-4453-B599-529347F002A0}.Release|Any CPU.Build.0 = Release|Any CPU
		{0353AB83-7AF4-49C3-9916-AF12D5A3B064}.Debug|Any CPU.ActiveCfg = Debug|Any CPU
		{0353AB83-7AF4-49C3-9916-AF12D5A3B064}.Debug|Any CPU.Build.0 = Debug|Any CPU
		{0353AB83-7AF4-49C3-9916-AF12D5A3B064}.Release|Any CPU.ActiveCfg = Release|Any CPU
		{0353AB83-7AF4-49C3-9916-AF12D5A3B064}.Release|Any CPU.Build.0 = Release|Any CPU
		{4299C778-E949-4099-9CCD-6937F98213B1}.Debug|Any CPU.ActiveCfg = Debug|Any CPU
		{4299C778-E949-4099-9CCD-6937F98213B1}.Debug|Any CPU.Build.0 = Debug|Any CPU
		{4299C778-E949-4099-9CCD-6937F98213B1}.Release|Any CPU.ActiveCfg = Release|Any CPU
		{4299C778-E949-4099-9CCD-6937F98213B1}.Release|Any CPU.Build.0 = Release|Any CPU
		{51D11D70-099D-449E-BBF1-ACACDAD110FF}.Debug|Any CPU.ActiveCfg = Debug|Any CPU
		{51D11D70-099D-449E-BBF1-ACACDAD110FF}.Debug|Any CPU.Build.0 = Debug|Any CPU
		{51D11D70-099D-449E-BBF1-ACACDAD110FF}.Release|Any CPU.ActiveCfg = Release|Any CPU
		{51D11D70-099D-449E-BBF1-ACACDAD110FF}.Release|Any CPU.Build.0 = Release|Any CPU
		{0C4DEBF2-9804-4B53-A52A-021618A0C1C3}.Debug|Any CPU.ActiveCfg = Debug|Any CPU
		{0C4DEBF2-9804-4B53-A52A-021618A0C1C3}.Debug|Any CPU.Build.0 = Debug|Any CPU
		{0C4DEBF2-9804-4B53-A52A-021618A0C1C3}.Release|Any CPU.ActiveCfg = Release|Any CPU
		{0C4DEBF2-9804-4B53-A52A-021618A0C1C3}.Release|Any CPU.Build.0 = Release|Any CPU
		{26A16823-5E98-4669-86DC-4F699FD4033C}.Debug|Any CPU.ActiveCfg = Debug|Any CPU
		{26A16823-5E98-4669-86DC-4F699FD4033C}.Debug|Any CPU.Build.0 = Debug|Any CPU
		{26A16823-5E98-4669-86DC-4F699FD4033C}.Release|Any CPU.ActiveCfg = Release|Any CPU
		{26A16823-5E98-4669-86DC-4F699FD4033C}.Release|Any CPU.Build.0 = Release|Any CPU
		{B82834D7-7B33-4A37-A424-599862B026F5}.Debug|Any CPU.ActiveCfg = Debug|Any CPU
		{B82834D7-7B33-4A37-A424-599862B026F5}.Debug|Any CPU.Build.0 = Debug|Any CPU
		{B82834D7-7B33-4A37-A424-599862B026F5}.Release|Any CPU.ActiveCfg = Release|Any CPU
		{B82834D7-7B33-4A37-A424-599862B026F5}.Release|Any CPU.Build.0 = Release|Any CPU
		{500BA93B-94FD-46D9-A215-BA0B2CBFBCCE}.Debug|Any CPU.ActiveCfg = Debug|Any CPU
		{500BA93B-94FD-46D9-A215-BA0B2CBFBCCE}.Debug|Any CPU.Build.0 = Debug|Any CPU
		{500BA93B-94FD-46D9-A215-BA0B2CBFBCCE}.Release|Any CPU.ActiveCfg = Release|Any CPU
		{500BA93B-94FD-46D9-A215-BA0B2CBFBCCE}.Release|Any CPU.Build.0 = Release|Any CPU
		{420B0A8A-7118-4B10-8A44-9030142D7F4D}.Debug|Any CPU.ActiveCfg = Debug|Any CPU
		{420B0A8A-7118-4B10-8A44-9030142D7F4D}.Debug|Any CPU.Build.0 = Debug|Any CPU
		{420B0A8A-7118-4B10-8A44-9030142D7F4D}.Release|Any CPU.ActiveCfg = Release|Any CPU
		{420B0A8A-7118-4B10-8A44-9030142D7F4D}.Release|Any CPU.Build.0 = Release|Any CPU
		{88B6CC8F-C29E-4D84-8500-AA9819A8068C}.Debug|Any CPU.ActiveCfg = Debug|Any CPU
		{88B6CC8F-C29E-4D84-8500-AA9819A8068C}.Debug|Any CPU.Build.0 = Debug|Any CPU
		{88B6CC8F-C29E-4D84-8500-AA9819A8068C}.Release|Any CPU.ActiveCfg = Release|Any CPU
		{88B6CC8F-C29E-4D84-8500-AA9819A8068C}.Release|Any CPU.Build.0 = Release|Any CPU
		{8A3D2C25-A38A-4740-9117-E085AE3A6E03}.Debug|Any CPU.ActiveCfg = Debug|Any CPU
		{8A3D2C25-A38A-4740-9117-E085AE3A6E03}.Debug|Any CPU.Build.0 = Debug|Any CPU
		{8A3D2C25-A38A-4740-9117-E085AE3A6E03}.Release|Any CPU.ActiveCfg = Release|Any CPU
		{8A3D2C25-A38A-4740-9117-E085AE3A6E03}.Release|Any CPU.Build.0 = Release|Any CPU
		{6ACD58F9-AD07-4555-882B-BBA0236D7662}.Debug|Any CPU.ActiveCfg = Debug|Any CPU
		{6ACD58F9-AD07-4555-882B-BBA0236D7662}.Debug|Any CPU.Build.0 = Debug|Any CPU
		{6ACD58F9-AD07-4555-882B-BBA0236D7662}.Release|Any CPU.ActiveCfg = Release|Any CPU
		{6ACD58F9-AD07-4555-882B-BBA0236D7662}.Release|Any CPU.Build.0 = Release|Any CPU
		{CC9C4CD2-E91E-4A28-857E-345DDD4592A9}.Debug|Any CPU.ActiveCfg = Debug|Any CPU
		{CC9C4CD2-E91E-4A28-857E-345DDD4592A9}.Debug|Any CPU.Build.0 = Debug|Any CPU
		{CC9C4CD2-E91E-4A28-857E-345DDD4592A9}.Release|Any CPU.ActiveCfg = Release|Any CPU
		{CC9C4CD2-E91E-4A28-857E-345DDD4592A9}.Release|Any CPU.Build.0 = Release|Any CPU
	EndGlobalSection
	GlobalSection(SolutionProperties) = preSolution
		HideSolutionNode = FALSE
	EndGlobalSection
	GlobalSection(NestedProjects) = preSolution
		{00C2B657-F061-4609-BBC5-FB5FEEE64D4A} = {9824EC56-16FC-42B6-8031-CA71028F20A9}
		{C06D83D7-E244-4739-872A-309D869EFE0D} = {9824EC56-16FC-42B6-8031-CA71028F20A9}
		{3EBC0AE4-1DA8-4078-B784-B4454AD0FFBA} = {AAA1DC68-FB28-457E-BC7E-78D5034EC0A2}
		{36B2A750-CE8A-4E01-BCF6-69DC13E6DA67} = {9824EC56-16FC-42B6-8031-CA71028F20A9}
		{A3BE1A57-C150-413C-8323-755E80202154} = {9824EC56-16FC-42B6-8031-CA71028F20A9}
		{8FE83AE3-9BF7-4956-9952-365ED986D33B} = {AAA1DC68-FB28-457E-BC7E-78D5034EC0A2}
		{0353AB83-7AF4-49C3-9916-AF12D5A3B064} = {8DDC541E-38F3-411C-BF4B-34D2191D6419}
		{4299C778-E949-4099-9CCD-6937F98213B1} = {8DDC541E-38F3-411C-BF4B-34D2191D6419}
		{0C4DEBF2-9804-4B53-A52A-021618A0C1C3} = {8DDC541E-38F3-411C-BF4B-34D2191D6419}
		{26A16823-5E98-4669-86DC-4F699FD4033C} = {8DDC541E-38F3-411C-BF4B-34D2191D6419}
		{B82834D7-7B33-4A37-A424-599862B026F5} = {8DDC541E-38F3-411C-BF4B-34D2191D6419}
		{500BA93B-94FD-46D9-A215-BA0B2CBFBCCE} = {8DDC541E-38F3-411C-BF4B-34D2191D6419}
		{420B0A8A-7118-4B10-8A44-9030142D7F4D} = {8DDC541E-38F3-411C-BF4B-34D2191D6419}
		{88B6CC8F-C29E-4D84-8500-AA9819A8068C} = {8DDC541E-38F3-411C-BF4B-34D2191D6419}
		{8A3D2C25-A38A-4740-9117-E085AE3A6E03} = {9824EC56-16FC-42B6-8031-CA71028F20A9}
		{6ACD58F9-AD07-4555-882B-BBA0236D7662} = {8DDC541E-38F3-411C-BF4B-34D2191D6419}
		{CC9C4CD2-E91E-4A28-857E-345DDD4592A9} = {8DDC541E-38F3-411C-BF4B-34D2191D6419}
	EndGlobalSection
	GlobalSection(ExtensibilityGlobals) = postSolution
		SolutionGuid = {D6066761-5217-45AD-B4C1-67B00E03DE1C}
	EndGlobalSection
EndGlobal
