
Microsoft Visual Studio Solution File, Format Version 12.00
# Visual Studio 15
VisualStudioVersion = 15.0.27004.2002
MinimumVisualStudioVersion = 10.0.40219.1
Project("{2150E333-8FDC-42A3-9474-1A3956D46DE8}") = "Data", "Data", "{9824EC56-16FC-42B6-8031-CA71028F20A9}"
EndProject
Project("{2150E333-8FDC-42A3-9474-1A3956D46DE8}") = "Web", "Web", "{8DDC541E-38F3-411C-BF4B-34D2191D6419}"
EndProject
Project("{2150E333-8FDC-42A3-9474-1A3956D46DE8}") = "Validation", "Validation", "{7FD2E313-B6C5-41CA-B10F-8CA8E4071D5E}"
EndProject
Project("{9A19103F-16F7-4668-BE54-9A1E7A4F7556}") = "HomeCloud.Data.Abstractions", "Data\HomeCloud.Data.Abstractions\HomeCloud.Data.Abstractions.csproj", "{00C2B657-F061-4609-BBC5-FB5FEEE64D4A}"
EndProject
Project("{FAE04EC0-301F-11D3-BF4B-00C04F79EFBC}") = "HomeCloud.Core", "HomeCloud.Core\HomeCloud.Core.csproj", "{C1174732-D61A-4543-9477-52278023FD78}"
EndProject
Project("{9A19103F-16F7-4668-BE54-9A1E7A4F7556}") = "HomeCloud.Data.Http", "Data\HomeCloud.Data.Http\HomeCloud.Data.Http.csproj", "{C06D83D7-E244-4739-872A-309D869EFE0D}"
EndProject
Project("{2150E333-8FDC-42A3-9474-1A3956D46DE8}") = "Extensions", "Extensions", "{AAA1DC68-FB28-457E-BC7E-78D5034EC0A2}"
EndProject
Project("{9A19103F-16F7-4668-BE54-9A1E7A4F7556}") = "HomeCloud.Http.Extensions", "Extensions\HomeCloud.Http.Extensions\HomeCloud.Http.Extensions.csproj", "{3EBC0AE4-1DA8-4078-B784-B4454AD0FFBA}"
EndProject
Project("{FAE04EC0-301F-11D3-BF4B-00C04F79EFBC}") = "HomeCloud.Http", "Web\HomeCloud.Http\HomeCloud.Http.csproj", "{F1B48E03-3491-4332-8FDE-E534DB308211}"
EndProject
Project("{FAE04EC0-301F-11D3-BF4B-00C04F79EFBC}") = "HomeCloud.Data.MongoDB", "Data\HomeCloud.Data.MongoDB\HomeCloud.Data.MongoDB.csproj", "{36B2A750-CE8A-4E01-BCF6-69DC13E6DA67}"
EndProject
Project("{FAE04EC0-301F-11D3-BF4B-00C04F79EFBC}") = "HomeCloud.Data.SqlServer", "Data\HomeCloud.Data.SqlServer\HomeCloud.Data.SqlServer.csproj", "{A3BE1A57-C150-413C-8323-755E80202154}"
EndProject
Project("{FAE04EC0-301F-11D3-BF4B-00C04F79EFBC}") = "HomeCloud.DependencyInjection", "HomeCloud.DependencyInjection\HomeCloud.DependencyInjection.csproj", "{1ECFFE32-E4CB-4AE0-965F-D50911916D26}"
EndProject
Project("{FAE04EC0-301F-11D3-BF4B-00C04F79EFBC}") = "HomeCloud.Scheduling", "HomeCloud.Scheduling\HomeCloud.Scheduling.csproj", "{6551B692-F75C-4898-8FD3-F540B95229F2}"
EndProject
Global
	GlobalSection(SolutionConfigurationPlatforms) = preSolution
		Debug|Any CPU = Debug|Any CPU
		Release|Any CPU = Release|Any CPU
	EndGlobalSection
	GlobalSection(ProjectConfigurationPlatforms) = postSolution
		{00C2B657-F061-4609-BBC5-FB5FEEE64D4A}.Debug|Any CPU.ActiveCfg = Debug|Any CPU
		{00C2B657-F061-4609-BBC5-FB5FEEE64D4A}.Debug|Any CPU.Build.0 = Debug|Any CPU
		{00C2B657-F061-4609-BBC5-FB5FEEE64D4A}.Release|Any CPU.ActiveCfg = Release|Any CPU
		{00C2B657-F061-4609-BBC5-FB5FEEE64D4A}.Release|Any CPU.Build.0 = Release|Any CPU
		{C1174732-D61A-4543-9477-52278023FD78}.Debug|Any CPU.ActiveCfg = Debug|Any CPU
		{C1174732-D61A-4543-9477-52278023FD78}.Debug|Any CPU.Build.0 = Debug|Any CPU
		{C1174732-D61A-4543-9477-52278023FD78}.Release|Any CPU.ActiveCfg = Release|Any CPU
		{C1174732-D61A-4543-9477-52278023FD78}.Release|Any CPU.Build.0 = Release|Any CPU
		{C06D83D7-E244-4739-872A-309D869EFE0D}.Debug|Any CPU.ActiveCfg = Debug|Any CPU
		{C06D83D7-E244-4739-872A-309D869EFE0D}.Debug|Any CPU.Build.0 = Debug|Any CPU
		{C06D83D7-E244-4739-872A-309D869EFE0D}.Release|Any CPU.ActiveCfg = Release|Any CPU
		{C06D83D7-E244-4739-872A-309D869EFE0D}.Release|Any CPU.Build.0 = Release|Any CPU
		{3EBC0AE4-1DA8-4078-B784-B4454AD0FFBA}.Debug|Any CPU.ActiveCfg = Debug|Any CPU
		{3EBC0AE4-1DA8-4078-B784-B4454AD0FFBA}.Debug|Any CPU.Build.0 = Debug|Any CPU
		{3EBC0AE4-1DA8-4078-B784-B4454AD0FFBA}.Release|Any CPU.ActiveCfg = Release|Any CPU
		{3EBC0AE4-1DA8-4078-B784-B4454AD0FFBA}.Release|Any CPU.Build.0 = Release|Any CPU
		{F1B48E03-3491-4332-8FDE-E534DB308211}.Debug|Any CPU.ActiveCfg = Debug|Any CPU
		{F1B48E03-3491-4332-8FDE-E534DB308211}.Debug|Any CPU.Build.0 = Debug|Any CPU
		{F1B48E03-3491-4332-8FDE-E534DB308211}.Release|Any CPU.ActiveCfg = Release|Any CPU
		{F1B48E03-3491-4332-8FDE-E534DB308211}.Release|Any CPU.Build.0 = Release|Any CPU
		{36B2A750-CE8A-4E01-BCF6-69DC13E6DA67}.Debug|Any CPU.ActiveCfg = Debug|Any CPU
		{36B2A750-CE8A-4E01-BCF6-69DC13E6DA67}.Debug|Any CPU.Build.0 = Debug|Any CPU
		{36B2A750-CE8A-4E01-BCF6-69DC13E6DA67}.Release|Any CPU.ActiveCfg = Release|Any CPU
		{36B2A750-CE8A-4E01-BCF6-69DC13E6DA67}.Release|Any CPU.Build.0 = Release|Any CPU
		{A3BE1A57-C150-413C-8323-755E80202154}.Debug|Any CPU.ActiveCfg = Debug|Any CPU
		{A3BE1A57-C150-413C-8323-755E80202154}.Debug|Any CPU.Build.0 = Debug|Any CPU
		{A3BE1A57-C150-413C-8323-755E80202154}.Release|Any CPU.ActiveCfg = Release|Any CPU
		{A3BE1A57-C150-413C-8323-755E80202154}.Release|Any CPU.Build.0 = Release|Any CPU
		{1ECFFE32-E4CB-4AE0-965F-D50911916D26}.Debug|Any CPU.ActiveCfg = Debug|Any CPU
		{1ECFFE32-E4CB-4AE0-965F-D50911916D26}.Debug|Any CPU.Build.0 = Debug|Any CPU
		{1ECFFE32-E4CB-4AE0-965F-D50911916D26}.Release|Any CPU.ActiveCfg = Release|Any CPU
		{1ECFFE32-E4CB-4AE0-965F-D50911916D26}.Release|Any CPU.Build.0 = Release|Any CPU
		{6551B692-F75C-4898-8FD3-F540B95229F2}.Debug|Any CPU.ActiveCfg = Debug|Any CPU
		{6551B692-F75C-4898-8FD3-F540B95229F2}.Debug|Any CPU.Build.0 = Debug|Any CPU
		{6551B692-F75C-4898-8FD3-F540B95229F2}.Release|Any CPU.ActiveCfg = Release|Any CPU
		{6551B692-F75C-4898-8FD3-F540B95229F2}.Release|Any CPU.Build.0 = Release|Any CPU
	EndGlobalSection
	GlobalSection(SolutionProperties) = preSolution
		HideSolutionNode = FALSE
	EndGlobalSection
	GlobalSection(NestedProjects) = preSolution
		{00C2B657-F061-4609-BBC5-FB5FEEE64D4A} = {9824EC56-16FC-42B6-8031-CA71028F20A9}
		{C06D83D7-E244-4739-872A-309D869EFE0D} = {9824EC56-16FC-42B6-8031-CA71028F20A9}
		{3EBC0AE4-1DA8-4078-B784-B4454AD0FFBA} = {AAA1DC68-FB28-457E-BC7E-78D5034EC0A2}
		{F1B48E03-3491-4332-8FDE-E534DB308211} = {8DDC541E-38F3-411C-BF4B-34D2191D6419}
		{36B2A750-CE8A-4E01-BCF6-69DC13E6DA67} = {9824EC56-16FC-42B6-8031-CA71028F20A9}
		{A3BE1A57-C150-413C-8323-755E80202154} = {9824EC56-16FC-42B6-8031-CA71028F20A9}
	EndGlobalSection
	GlobalSection(ExtensibilityGlobals) = postSolution
		SolutionGuid = {D6066761-5217-45AD-B4C1-67B00E03DE1C}
	EndGlobalSection
EndGlobal
