
Microsoft Visual Studio Solution File, Format Version 12.00
# Visual Studio 15
VisualStudioVersion = 15.0.27004.2002
MinimumVisualStudioVersion = 10.0.40219.1
Project("{2150E333-8FDC-42A3-9474-1A3956D46DE8}") = "Common", "Common", "{AAB6E0C3-FA59-494B-8EDD-9D2FEE987631}"
EndProject
Project("{2150E333-8FDC-42A3-9474-1A3956D46DE8}") = "DataAccessComponents", "DataAccessComponents", "{42C9DD32-E6D0-4918-BA8B-9A1041509127}"
EndProject
Project("{2150E333-8FDC-42A3-9474-1A3956D46DE8}") = "Databases", "Databases", "{823E48C0-9850-4BCD-98A0-E72994633CEA}"
EndProject
Project("{2150E333-8FDC-42A3-9474-1A3956D46DE8}") = "BusinessComponents", "BusinessComponents", "{FAC86F67-6AC1-46C4-9056-67B35123A1CD}"
EndProject
Project("{00D1A9C2-B5F0-4AF3-8072-F6C62B433612}") = "HomeCloud.DataStorage.DataSource", "Databases\HomeCloud.DataStorage.DataSource\HomeCloud.DataStorage.DataSource.sqlproj", "{3F39128A-3D6A-4A2B-AA8F-33557DB5F02A}"
EndProject
Project("{9A19103F-16F7-4668-BE54-9A1E7A4F7556}") = "HomeCloud.Data.Abstractions", "..\Common\Data\HomeCloud.Data.Abstractions\HomeCloud.Data.Abstractions.csproj", "{6F7D425C-44E7-46ED-83A2-DC750D81BEB5}"
EndProject
Project("{9A19103F-16F7-4668-BE54-9A1E7A4F7556}") = "HomeCloud.Data.MongoDB", "..\Common\Data\HomeCloud.Data.MongoDB\HomeCloud.Data.MongoDB.csproj", "{840DACC6-90C6-456C-B8E3-BF1D22C40103}"
EndProject
Project("{9A19103F-16F7-4668-BE54-9A1E7A4F7556}") = "HomeCloud.Data.SqlServer", "..\Common\Data\HomeCloud.Data.SqlServer\HomeCloud.Data.SqlServer.csproj", "{74202B06-D6B8-49D2-AA2C-F50C483FF16F}"
EndProject
Project("{9A19103F-16F7-4668-BE54-9A1E7A4F7556}") = "HomeCloud.Core", "..\Common\HomeCloud.Core\HomeCloud.Core.csproj", "{806301C4-63DE-46E5-A39F-5CD8796BF443}"
EndProject
Project("{9A19103F-16F7-4668-BE54-9A1E7A4F7556}") = "HomeCloud.DependencyInjection", "..\Common\HomeCloud.DependencyInjection\HomeCloud.DependencyInjection.csproj", "{03493656-E1BA-45AA-97B6-480AEAFF13BF}"
EndProject
Project("{9A19103F-16F7-4668-BE54-9A1E7A4F7556}") = "HomeCloud.DataStorage.DataAccess.Objects", "HomeCloud.DataStorage.DataAccess.Objects\HomeCloud.DataStorage.DataAccess.Objects.csproj", "{FBCC958B-218B-4DFC-90F2-3F4F2718C824}"
EndProject
Project("{9A19103F-16F7-4668-BE54-9A1E7A4F7556}") = "HomeCloud.DataStorage.DataAccess.Abstractions", "HomeCloud.DataStorage.DataAccess.Abstractions\HomeCloud.DataStorage.DataAccess.Abstractions.csproj", "{E9BDFAEE-8C1E-4CFB-97F9-29D55F7A029B}"
EndProject
Project("{9A19103F-16F7-4668-BE54-9A1E7A4F7556}") = "HomeCloud.DataStorage.DataAccess", "HomeCloud.DataStorage.DataAccess\HomeCloud.DataStorage.DataAccess.csproj", "{F22DB4DB-5BC9-4C57-8D34-B63B5A5B7533}"
EndProject
Project("{9A19103F-16F7-4668-BE54-9A1E7A4F7556}") = "HomeCloud.Core.Extensions", "..\Common\Extensions\HomeCloud.Core.Extensions\HomeCloud.Core.Extensions.csproj", "{3ACF87D2-FD4D-4EA4-BB1F-C0271ED47EE1}"
EndProject
Project("{9A19103F-16F7-4668-BE54-9A1E7A4F7556}") = "HomeCloud.DataStorage.DataAccess.Aggregation.Abstractions", "HomeCloud.DataStorage.DataAccess.Aggregation.Abstractions\HomeCloud.DataStorage.DataAccess.Aggregation.Abstractions.csproj", "{8FD399EC-EDC0-4031-B162-1EB949E41E92}"
EndProject
Project("{9A19103F-16F7-4668-BE54-9A1E7A4F7556}") = "HomeCloud.DataStorage.DataAccess.Aggregation", "HomeCloud.DataStorage.DataAccess.Aggregation\HomeCloud.DataStorage.DataAccess.Aggregation.csproj", "{42C9D40C-2FC6-48EA-96AF-21AD5ED9B25C}"
EndProject
Project("{9A19103F-16F7-4668-BE54-9A1E7A4F7556}") = "HomeCloud.DataStorage.DataAccess.Aggregation.Objects", "HomeCloud.DataStorage.DataAccess.Aggregation.Objects\HomeCloud.DataStorage.DataAccess.Aggregation.Objects.csproj", "{E8E4F64E-9617-4247-859C-CC39472C2A9F}"
EndProject
Project("{9A19103F-16F7-4668-BE54-9A1E7A4F7556}") = "HomeCloud.DataStorage.Business.Entities", "HomeCloud.DataStorage.Business.Entities\HomeCloud.DataStorage.Business.Entities.csproj", "{9B91EE48-B9A2-49BE-82A7-7349BCAA414D}"
EndProject
Project("{9A19103F-16F7-4668-BE54-9A1E7A4F7556}") = "HomeCloud.DataStorage.Business.Entities.Converters", "HomeCloud.DataStorage.Business.Entities.Converters\HomeCloud.DataStorage.Business.Entities.Converters.csproj", "{E9B4C4CA-59D3-4A92-82A8-FCF28C2EC028}"
EndProject
Project("{9A19103F-16F7-4668-BE54-9A1E7A4F7556}") = "HomeCloud.Validation", "..\Common\HomeCloud.Validation\HomeCloud.Validation.csproj", "{D022900B-47B1-41D4-B74B-47A76E55C905}"
EndProject
Project("{9A19103F-16F7-4668-BE54-9A1E7A4F7556}") = "HomeCloud.Exceptions", "..\Common\HomeCloud.Exceptions\HomeCloud.Exceptions.csproj", "{1FD35CF9-4D54-4866-B73E-F0B0ABDA9849}"
EndProject
Project("{9A19103F-16F7-4668-BE54-9A1E7A4F7556}") = "HomeCloud.DataStorage.Business.Providers.Abstractions", "HomeCloud.DataStorage.Business.Providers.Abstractions\HomeCloud.DataStorage.Business.Providers.Abstractions.csproj", "{5D3E908C-07F8-420D-BE94-9D831152CA2E}"
EndProject
Project("{9A19103F-16F7-4668-BE54-9A1E7A4F7556}") = "HomeCloud.DataStorage.Business.Providers", "HomeCloud.DataStorage.Business.Providers\HomeCloud.DataStorage.Business.Providers.csproj", "{9C7D63E0-297D-4C62-9B00-CFE8D0288A02}"
EndProject
Project("{9A19103F-16F7-4668-BE54-9A1E7A4F7556}") = "HomeCloud.Mapping", "..\Common\HomeCloud.Mapping\HomeCloud.Mapping.csproj", "{315AC189-A1C1-4FC1-9893-E64CE7F9246F}"
EndProject
Project("{9A19103F-16F7-4668-BE54-9A1E7A4F7556}") = "HomeCloud.DataStorage.Business.Validation.Abstractions", "HomeCloud.DataStorage.Business.Validation.Abstractions\HomeCloud.DataStorage.Business.Validation.Abstractions.csproj", "{2AAFE2E1-7D55-44AB-B94A-42A9A9EADCF0}"
EndProject
Project("{9A19103F-16F7-4668-BE54-9A1E7A4F7556}") = "HomeCloud.DataStorage.Business.Validation", "HomeCloud.DataStorage.Business.Validation\HomeCloud.DataStorage.Business.Validation.csproj", "{1E4F6B7E-895B-41C0-8392-1C398794D775}"
EndProject
Project("{9A19103F-16F7-4668-BE54-9A1E7A4F7556}") = "HomeCloud.DataStorage.Business.Services.Abstractions", "HomeCloud.DataStorage.Business.Services.Abstractions\HomeCloud.DataStorage.Business.Services.Abstractions.csproj", "{1BB3A1EE-9F2E-458D-9D6D-B16F0676230F}"
EndProject
Project("{9A19103F-16F7-4668-BE54-9A1E7A4F7556}") = "HomeCloud.DataStorage.Business.Services", "HomeCloud.DataStorage.Business.Services\HomeCloud.DataStorage.Business.Services.csproj", "{5D3E601C-979E-43F1-B3C6-EC6A780112BD}"
EndProject
Project("{9A19103F-16F7-4668-BE54-9A1E7A4F7556}") = "HomeCloud.DataStorage.Api.Models", "HomeCloud.DataStorage.Api.Models\HomeCloud.DataStorage.Api.Models.csproj", "{81FB920A-2AFC-4FDB-8444-3DD21068D2F5}"
EndProject
Project("{9A19103F-16F7-4668-BE54-9A1E7A4F7556}") = "HomeCloud.DataStorage.Api.Models.Converters", "HomeCloud.DataStorage.Api.Models.Converters\HomeCloud.DataStorage.Api.Models.Converters.csproj", "{2FC80C33-4CCD-4CAC-B77F-837802DB9E3B}"
EndProject
Project("{9A19103F-16F7-4668-BE54-9A1E7A4F7556}") = "HomeCloud.Mvc.Models", "..\Common\Mvc\HomeCloud.Mvc.Models\HomeCloud.Mvc.Models.csproj", "{5007BBEF-6BAA-44B0-885E-153EC1FABDCC}"
EndProject
Project("{9A19103F-16F7-4668-BE54-9A1E7A4F7556}") = "HomeCloud.Mvc.Providers", "..\Common\Mvc\HomeCloud.Mvc.Providers\HomeCloud.Mvc.Providers.csproj", "{F7FCDC6D-AB7C-4433-B2AF-0721E868FD4F}"
EndProject
Project("{9A19103F-16F7-4668-BE54-9A1E7A4F7556}") = "HomeCloud.Http", "..\Common\HomeCloud.Http\HomeCloud.Http.csproj", "{AB670BD6-44F7-497F-BC62-8A5976658372}"
EndProject
Project("{9A19103F-16F7-4668-BE54-9A1E7A4F7556}") = "HomeCloud.DataStorage.Api.DependencyInjection", "HomeCloud.DataStorage.Api.DependencyInjection\HomeCloud.DataStorage.Api.DependencyInjection.csproj", "{AE623CE1-63D1-4DF9-B9BB-9A53A3C296EE}"
EndProject
Project("{9A19103F-16F7-4668-BE54-9A1E7A4F7556}") = "HomeCloud.DataStorage.Api", "HomeCloud.DataStorage.Api\HomeCloud.DataStorage.Api.csproj", "{076FCB99-0C68-4C82-B4AA-0E95D9F67CAB}"
EndProject
Project("{9A19103F-16F7-4668-BE54-9A1E7A4F7556}") = "HomeCloud.Mvc", "..\Common\Mvc\HomeCloud.Mvc\HomeCloud.Mvc.csproj", "{15692C8A-07C1-4A9E-8B1B-2B5E01E3A748}"
EndProject
Project("{9A19103F-16F7-4668-BE54-9A1E7A4F7556}") = "HomeCloud.Mvc.Formatters", "..\Common\Mvc\HomeCloud.Mvc.Formatters\HomeCloud.Mvc.Formatters.csproj", "{42847330-520D-4415-8236-A51A555565A6}"
EndProject
Project("{9A19103F-16F7-4668-BE54-9A1E7A4F7556}") = "HomeCloud.Mvc.Validation", "..\Common\Mvc\HomeCloud.Mvc.Validation\HomeCloud.Mvc.Validation.csproj", "{A848921C-75ED-4650-9EF2-8287366FA5EC}"
EndProject
Project("{9A19103F-16F7-4668-BE54-9A1E7A4F7556}") = "HomeCloud.Mvc.Hypermedia", "..\Common\Mvc\HomeCloud.Mvc.Hypermedia\HomeCloud.Mvc.Hypermedia.csproj", "{363308FB-798F-4F2B-A926-79A53CA1E328}"
EndProject
Project("{9A19103F-16F7-4668-BE54-9A1E7A4F7556}") = "HomeCloud.Mvc.Exceptions", "..\Common\Mvc\HomeCloud.Mvc.Exceptions\HomeCloud.Mvc.Exceptions.csproj", "{9CE1A495-6461-4B78-9B36-2B28FAC495FB}"
EndProject
Project("{9A19103F-16F7-4668-BE54-9A1E7A4F7556}") = "HomeCloud.Mvc.DataAnnotations", "..\Common\Mvc\HomeCloud.Mvc.DataAnnotations\HomeCloud.Mvc.DataAnnotations.csproj", "{06C6460C-8DDD-4C6D-AED1-6584A1563DCF}"
EndProject
Project("{9A19103F-16F7-4668-BE54-9A1E7A4F7556}") = "HomeCloud.Mvc.ActionConstraints", "..\Common\Mvc\HomeCloud.Mvc.ActionConstraints\HomeCloud.Mvc.ActionConstraints.csproj", "{42A3F4A1-3145-4C3D-B086-D98B745E09CD}"
EndProject
Project("{9A19103F-16F7-4668-BE54-9A1E7A4F7556}") = "HomeCloud.Data.IO", "..\Common\Data\HomeCloud.Data.IO\HomeCloud.Data.IO.csproj", "{92FB7BA2-EA3A-4C98-B075-8E4D742568B4}"
EndProject
Global
	GlobalSection(Performance) = preSolution
		HasPerformanceSessions = true
	EndGlobalSection
	GlobalSection(SolutionConfigurationPlatforms) = preSolution
		Debug|Any CPU = Debug|Any CPU
		Release|Any CPU = Release|Any CPU
	EndGlobalSection
	GlobalSection(ProjectConfigurationPlatforms) = postSolution
		{3F39128A-3D6A-4A2B-AA8F-33557DB5F02A}.Debug|Any CPU.ActiveCfg = Debug|Any CPU
		{3F39128A-3D6A-4A2B-AA8F-33557DB5F02A}.Debug|Any CPU.Build.0 = Debug|Any CPU
		{3F39128A-3D6A-4A2B-AA8F-33557DB5F02A}.Debug|Any CPU.Deploy.0 = Debug|Any CPU
		{3F39128A-3D6A-4A2B-AA8F-33557DB5F02A}.Release|Any CPU.ActiveCfg = Release|Any CPU
		{3F39128A-3D6A-4A2B-AA8F-33557DB5F02A}.Release|Any CPU.Build.0 = Release|Any CPU
		{3F39128A-3D6A-4A2B-AA8F-33557DB5F02A}.Release|Any CPU.Deploy.0 = Release|Any CPU
		{6F7D425C-44E7-46ED-83A2-DC750D81BEB5}.Debug|Any CPU.ActiveCfg = Debug|Any CPU
		{6F7D425C-44E7-46ED-83A2-DC750D81BEB5}.Debug|Any CPU.Build.0 = Debug|Any CPU
		{6F7D425C-44E7-46ED-83A2-DC750D81BEB5}.Release|Any CPU.ActiveCfg = Release|Any CPU
		{6F7D425C-44E7-46ED-83A2-DC750D81BEB5}.Release|Any CPU.Build.0 = Release|Any CPU
		{840DACC6-90C6-456C-B8E3-BF1D22C40103}.Debug|Any CPU.ActiveCfg = Debug|Any CPU
		{840DACC6-90C6-456C-B8E3-BF1D22C40103}.Debug|Any CPU.Build.0 = Debug|Any CPU
		{840DACC6-90C6-456C-B8E3-BF1D22C40103}.Release|Any CPU.ActiveCfg = Release|Any CPU
		{840DACC6-90C6-456C-B8E3-BF1D22C40103}.Release|Any CPU.Build.0 = Release|Any CPU
		{74202B06-D6B8-49D2-AA2C-F50C483FF16F}.Debug|Any CPU.ActiveCfg = Debug|Any CPU
		{74202B06-D6B8-49D2-AA2C-F50C483FF16F}.Debug|Any CPU.Build.0 = Debug|Any CPU
		{74202B06-D6B8-49D2-AA2C-F50C483FF16F}.Release|Any CPU.ActiveCfg = Release|Any CPU
		{74202B06-D6B8-49D2-AA2C-F50C483FF16F}.Release|Any CPU.Build.0 = Release|Any CPU
		{806301C4-63DE-46E5-A39F-5CD8796BF443}.Debug|Any CPU.ActiveCfg = Debug|Any CPU
		{806301C4-63DE-46E5-A39F-5CD8796BF443}.Debug|Any CPU.Build.0 = Debug|Any CPU
		{806301C4-63DE-46E5-A39F-5CD8796BF443}.Release|Any CPU.ActiveCfg = Release|Any CPU
		{806301C4-63DE-46E5-A39F-5CD8796BF443}.Release|Any CPU.Build.0 = Release|Any CPU
		{03493656-E1BA-45AA-97B6-480AEAFF13BF}.Debug|Any CPU.ActiveCfg = Debug|Any CPU
		{03493656-E1BA-45AA-97B6-480AEAFF13BF}.Debug|Any CPU.Build.0 = Debug|Any CPU
		{03493656-E1BA-45AA-97B6-480AEAFF13BF}.Release|Any CPU.ActiveCfg = Release|Any CPU
		{03493656-E1BA-45AA-97B6-480AEAFF13BF}.Release|Any CPU.Build.0 = Release|Any CPU
		{FBCC958B-218B-4DFC-90F2-3F4F2718C824}.Debug|Any CPU.ActiveCfg = Debug|Any CPU
		{FBCC958B-218B-4DFC-90F2-3F4F2718C824}.Debug|Any CPU.Build.0 = Debug|Any CPU
		{FBCC958B-218B-4DFC-90F2-3F4F2718C824}.Release|Any CPU.ActiveCfg = Release|Any CPU
		{FBCC958B-218B-4DFC-90F2-3F4F2718C824}.Release|Any CPU.Build.0 = Release|Any CPU
		{E9BDFAEE-8C1E-4CFB-97F9-29D55F7A029B}.Debug|Any CPU.ActiveCfg = Debug|Any CPU
		{E9BDFAEE-8C1E-4CFB-97F9-29D55F7A029B}.Debug|Any CPU.Build.0 = Debug|Any CPU
		{E9BDFAEE-8C1E-4CFB-97F9-29D55F7A029B}.Release|Any CPU.ActiveCfg = Release|Any CPU
		{E9BDFAEE-8C1E-4CFB-97F9-29D55F7A029B}.Release|Any CPU.Build.0 = Release|Any CPU
		{F22DB4DB-5BC9-4C57-8D34-B63B5A5B7533}.Debug|Any CPU.ActiveCfg = Debug|Any CPU
		{F22DB4DB-5BC9-4C57-8D34-B63B5A5B7533}.Debug|Any CPU.Build.0 = Debug|Any CPU
		{F22DB4DB-5BC9-4C57-8D34-B63B5A5B7533}.Release|Any CPU.ActiveCfg = Release|Any CPU
		{F22DB4DB-5BC9-4C57-8D34-B63B5A5B7533}.Release|Any CPU.Build.0 = Release|Any CPU
		{3ACF87D2-FD4D-4EA4-BB1F-C0271ED47EE1}.Debug|Any CPU.ActiveCfg = Debug|Any CPU
		{3ACF87D2-FD4D-4EA4-BB1F-C0271ED47EE1}.Debug|Any CPU.Build.0 = Debug|Any CPU
		{3ACF87D2-FD4D-4EA4-BB1F-C0271ED47EE1}.Release|Any CPU.ActiveCfg = Release|Any CPU
		{3ACF87D2-FD4D-4EA4-BB1F-C0271ED47EE1}.Release|Any CPU.Build.0 = Release|Any CPU
		{8FD399EC-EDC0-4031-B162-1EB949E41E92}.Debug|Any CPU.ActiveCfg = Debug|Any CPU
		{8FD399EC-EDC0-4031-B162-1EB949E41E92}.Debug|Any CPU.Build.0 = Debug|Any CPU
		{8FD399EC-EDC0-4031-B162-1EB949E41E92}.Release|Any CPU.ActiveCfg = Release|Any CPU
		{8FD399EC-EDC0-4031-B162-1EB949E41E92}.Release|Any CPU.Build.0 = Release|Any CPU
		{42C9D40C-2FC6-48EA-96AF-21AD5ED9B25C}.Debug|Any CPU.ActiveCfg = Debug|Any CPU
		{42C9D40C-2FC6-48EA-96AF-21AD5ED9B25C}.Debug|Any CPU.Build.0 = Debug|Any CPU
		{42C9D40C-2FC6-48EA-96AF-21AD5ED9B25C}.Release|Any CPU.ActiveCfg = Release|Any CPU
		{42C9D40C-2FC6-48EA-96AF-21AD5ED9B25C}.Release|Any CPU.Build.0 = Release|Any CPU
		{E8E4F64E-9617-4247-859C-CC39472C2A9F}.Debug|Any CPU.ActiveCfg = Debug|Any CPU
		{E8E4F64E-9617-4247-859C-CC39472C2A9F}.Debug|Any CPU.Build.0 = Debug|Any CPU
		{E8E4F64E-9617-4247-859C-CC39472C2A9F}.Release|Any CPU.ActiveCfg = Release|Any CPU
		{E8E4F64E-9617-4247-859C-CC39472C2A9F}.Release|Any CPU.Build.0 = Release|Any CPU
		{9B91EE48-B9A2-49BE-82A7-7349BCAA414D}.Debug|Any CPU.ActiveCfg = Debug|Any CPU
		{9B91EE48-B9A2-49BE-82A7-7349BCAA414D}.Debug|Any CPU.Build.0 = Debug|Any CPU
		{9B91EE48-B9A2-49BE-82A7-7349BCAA414D}.Release|Any CPU.ActiveCfg = Release|Any CPU
		{9B91EE48-B9A2-49BE-82A7-7349BCAA414D}.Release|Any CPU.Build.0 = Release|Any CPU
		{E9B4C4CA-59D3-4A92-82A8-FCF28C2EC028}.Debug|Any CPU.ActiveCfg = Debug|Any CPU
		{E9B4C4CA-59D3-4A92-82A8-FCF28C2EC028}.Debug|Any CPU.Build.0 = Debug|Any CPU
		{E9B4C4CA-59D3-4A92-82A8-FCF28C2EC028}.Release|Any CPU.ActiveCfg = Release|Any CPU
		{E9B4C4CA-59D3-4A92-82A8-FCF28C2EC028}.Release|Any CPU.Build.0 = Release|Any CPU
		{D022900B-47B1-41D4-B74B-47A76E55C905}.Debug|Any CPU.ActiveCfg = Debug|Any CPU
		{D022900B-47B1-41D4-B74B-47A76E55C905}.Debug|Any CPU.Build.0 = Debug|Any CPU
		{D022900B-47B1-41D4-B74B-47A76E55C905}.Release|Any CPU.ActiveCfg = Release|Any CPU
		{D022900B-47B1-41D4-B74B-47A76E55C905}.Release|Any CPU.Build.0 = Release|Any CPU
		{1FD35CF9-4D54-4866-B73E-F0B0ABDA9849}.Debug|Any CPU.ActiveCfg = Debug|Any CPU
		{1FD35CF9-4D54-4866-B73E-F0B0ABDA9849}.Debug|Any CPU.Build.0 = Debug|Any CPU
		{1FD35CF9-4D54-4866-B73E-F0B0ABDA9849}.Release|Any CPU.ActiveCfg = Release|Any CPU
		{1FD35CF9-4D54-4866-B73E-F0B0ABDA9849}.Release|Any CPU.Build.0 = Release|Any CPU
		{5D3E908C-07F8-420D-BE94-9D831152CA2E}.Debug|Any CPU.ActiveCfg = Debug|Any CPU
		{5D3E908C-07F8-420D-BE94-9D831152CA2E}.Debug|Any CPU.Build.0 = Debug|Any CPU
		{5D3E908C-07F8-420D-BE94-9D831152CA2E}.Release|Any CPU.ActiveCfg = Release|Any CPU
		{5D3E908C-07F8-420D-BE94-9D831152CA2E}.Release|Any CPU.Build.0 = Release|Any CPU
		{9C7D63E0-297D-4C62-9B00-CFE8D0288A02}.Debug|Any CPU.ActiveCfg = Debug|Any CPU
		{9C7D63E0-297D-4C62-9B00-CFE8D0288A02}.Debug|Any CPU.Build.0 = Debug|Any CPU
		{9C7D63E0-297D-4C62-9B00-CFE8D0288A02}.Release|Any CPU.ActiveCfg = Release|Any CPU
		{9C7D63E0-297D-4C62-9B00-CFE8D0288A02}.Release|Any CPU.Build.0 = Release|Any CPU
		{315AC189-A1C1-4FC1-9893-E64CE7F9246F}.Debug|Any CPU.ActiveCfg = Debug|Any CPU
		{315AC189-A1C1-4FC1-9893-E64CE7F9246F}.Debug|Any CPU.Build.0 = Debug|Any CPU
		{315AC189-A1C1-4FC1-9893-E64CE7F9246F}.Release|Any CPU.ActiveCfg = Release|Any CPU
		{315AC189-A1C1-4FC1-9893-E64CE7F9246F}.Release|Any CPU.Build.0 = Release|Any CPU
		{2AAFE2E1-7D55-44AB-B94A-42A9A9EADCF0}.Debug|Any CPU.ActiveCfg = Debug|Any CPU
		{2AAFE2E1-7D55-44AB-B94A-42A9A9EADCF0}.Debug|Any CPU.Build.0 = Debug|Any CPU
		{2AAFE2E1-7D55-44AB-B94A-42A9A9EADCF0}.Release|Any CPU.ActiveCfg = Release|Any CPU
		{2AAFE2E1-7D55-44AB-B94A-42A9A9EADCF0}.Release|Any CPU.Build.0 = Release|Any CPU
		{1E4F6B7E-895B-41C0-8392-1C398794D775}.Debug|Any CPU.ActiveCfg = Debug|Any CPU
		{1E4F6B7E-895B-41C0-8392-1C398794D775}.Debug|Any CPU.Build.0 = Debug|Any CPU
		{1E4F6B7E-895B-41C0-8392-1C398794D775}.Release|Any CPU.ActiveCfg = Release|Any CPU
		{1E4F6B7E-895B-41C0-8392-1C398794D775}.Release|Any CPU.Build.0 = Release|Any CPU
		{1BB3A1EE-9F2E-458D-9D6D-B16F0676230F}.Debug|Any CPU.ActiveCfg = Debug|Any CPU
		{1BB3A1EE-9F2E-458D-9D6D-B16F0676230F}.Debug|Any CPU.Build.0 = Debug|Any CPU
		{1BB3A1EE-9F2E-458D-9D6D-B16F0676230F}.Release|Any CPU.ActiveCfg = Release|Any CPU
		{1BB3A1EE-9F2E-458D-9D6D-B16F0676230F}.Release|Any CPU.Build.0 = Release|Any CPU
		{5D3E601C-979E-43F1-B3C6-EC6A780112BD}.Debug|Any CPU.ActiveCfg = Debug|Any CPU
		{5D3E601C-979E-43F1-B3C6-EC6A780112BD}.Debug|Any CPU.Build.0 = Debug|Any CPU
		{5D3E601C-979E-43F1-B3C6-EC6A780112BD}.Release|Any CPU.ActiveCfg = Release|Any CPU
		{5D3E601C-979E-43F1-B3C6-EC6A780112BD}.Release|Any CPU.Build.0 = Release|Any CPU
		{81FB920A-2AFC-4FDB-8444-3DD21068D2F5}.Debug|Any CPU.ActiveCfg = Debug|Any CPU
		{81FB920A-2AFC-4FDB-8444-3DD21068D2F5}.Debug|Any CPU.Build.0 = Debug|Any CPU
		{81FB920A-2AFC-4FDB-8444-3DD21068D2F5}.Release|Any CPU.ActiveCfg = Release|Any CPU
		{81FB920A-2AFC-4FDB-8444-3DD21068D2F5}.Release|Any CPU.Build.0 = Release|Any CPU
		{2FC80C33-4CCD-4CAC-B77F-837802DB9E3B}.Debug|Any CPU.ActiveCfg = Debug|Any CPU
		{2FC80C33-4CCD-4CAC-B77F-837802DB9E3B}.Debug|Any CPU.Build.0 = Debug|Any CPU
		{2FC80C33-4CCD-4CAC-B77F-837802DB9E3B}.Release|Any CPU.ActiveCfg = Release|Any CPU
		{2FC80C33-4CCD-4CAC-B77F-837802DB9E3B}.Release|Any CPU.Build.0 = Release|Any CPU
		{5007BBEF-6BAA-44B0-885E-153EC1FABDCC}.Debug|Any CPU.ActiveCfg = Debug|Any CPU
		{5007BBEF-6BAA-44B0-885E-153EC1FABDCC}.Debug|Any CPU.Build.0 = Debug|Any CPU
		{5007BBEF-6BAA-44B0-885E-153EC1FABDCC}.Release|Any CPU.ActiveCfg = Release|Any CPU
		{5007BBEF-6BAA-44B0-885E-153EC1FABDCC}.Release|Any CPU.Build.0 = Release|Any CPU
		{F7FCDC6D-AB7C-4433-B2AF-0721E868FD4F}.Debug|Any CPU.ActiveCfg = Debug|Any CPU
		{F7FCDC6D-AB7C-4433-B2AF-0721E868FD4F}.Debug|Any CPU.Build.0 = Debug|Any CPU
		{F7FCDC6D-AB7C-4433-B2AF-0721E868FD4F}.Release|Any CPU.ActiveCfg = Release|Any CPU
		{F7FCDC6D-AB7C-4433-B2AF-0721E868FD4F}.Release|Any CPU.Build.0 = Release|Any CPU
		{AB670BD6-44F7-497F-BC62-8A5976658372}.Debug|Any CPU.ActiveCfg = Debug|Any CPU
		{AB670BD6-44F7-497F-BC62-8A5976658372}.Debug|Any CPU.Build.0 = Debug|Any CPU
		{AB670BD6-44F7-497F-BC62-8A5976658372}.Release|Any CPU.ActiveCfg = Release|Any CPU
		{AB670BD6-44F7-497F-BC62-8A5976658372}.Release|Any CPU.Build.0 = Release|Any CPU
		{AE623CE1-63D1-4DF9-B9BB-9A53A3C296EE}.Debug|Any CPU.ActiveCfg = Debug|Any CPU
		{AE623CE1-63D1-4DF9-B9BB-9A53A3C296EE}.Debug|Any CPU.Build.0 = Debug|Any CPU
		{AE623CE1-63D1-4DF9-B9BB-9A53A3C296EE}.Release|Any CPU.ActiveCfg = Release|Any CPU
		{AE623CE1-63D1-4DF9-B9BB-9A53A3C296EE}.Release|Any CPU.Build.0 = Release|Any CPU
		{076FCB99-0C68-4C82-B4AA-0E95D9F67CAB}.Debug|Any CPU.ActiveCfg = Debug|Any CPU
		{076FCB99-0C68-4C82-B4AA-0E95D9F67CAB}.Debug|Any CPU.Build.0 = Debug|Any CPU
		{076FCB99-0C68-4C82-B4AA-0E95D9F67CAB}.Release|Any CPU.ActiveCfg = Release|Any CPU
		{076FCB99-0C68-4C82-B4AA-0E95D9F67CAB}.Release|Any CPU.Build.0 = Release|Any CPU
		{15692C8A-07C1-4A9E-8B1B-2B5E01E3A748}.Debug|Any CPU.ActiveCfg = Debug|Any CPU
		{15692C8A-07C1-4A9E-8B1B-2B5E01E3A748}.Debug|Any CPU.Build.0 = Debug|Any CPU
		{15692C8A-07C1-4A9E-8B1B-2B5E01E3A748}.Release|Any CPU.ActiveCfg = Release|Any CPU
		{15692C8A-07C1-4A9E-8B1B-2B5E01E3A748}.Release|Any CPU.Build.0 = Release|Any CPU
		{42847330-520D-4415-8236-A51A555565A6}.Debug|Any CPU.ActiveCfg = Debug|Any CPU
		{42847330-520D-4415-8236-A51A555565A6}.Debug|Any CPU.Build.0 = Debug|Any CPU
		{42847330-520D-4415-8236-A51A555565A6}.Release|Any CPU.ActiveCfg = Release|Any CPU
		{42847330-520D-4415-8236-A51A555565A6}.Release|Any CPU.Build.0 = Release|Any CPU
		{A848921C-75ED-4650-9EF2-8287366FA5EC}.Debug|Any CPU.ActiveCfg = Debug|Any CPU
		{A848921C-75ED-4650-9EF2-8287366FA5EC}.Debug|Any CPU.Build.0 = Debug|Any CPU
		{A848921C-75ED-4650-9EF2-8287366FA5EC}.Release|Any CPU.ActiveCfg = Release|Any CPU
		{A848921C-75ED-4650-9EF2-8287366FA5EC}.Release|Any CPU.Build.0 = Release|Any CPU
		{363308FB-798F-4F2B-A926-79A53CA1E328}.Debug|Any CPU.ActiveCfg = Debug|Any CPU
		{363308FB-798F-4F2B-A926-79A53CA1E328}.Debug|Any CPU.Build.0 = Debug|Any CPU
		{363308FB-798F-4F2B-A926-79A53CA1E328}.Release|Any CPU.ActiveCfg = Release|Any CPU
		{363308FB-798F-4F2B-A926-79A53CA1E328}.Release|Any CPU.Build.0 = Release|Any CPU
		{9CE1A495-6461-4B78-9B36-2B28FAC495FB}.Debug|Any CPU.ActiveCfg = Debug|Any CPU
		{9CE1A495-6461-4B78-9B36-2B28FAC495FB}.Debug|Any CPU.Build.0 = Debug|Any CPU
		{9CE1A495-6461-4B78-9B36-2B28FAC495FB}.Release|Any CPU.ActiveCfg = Release|Any CPU
		{9CE1A495-6461-4B78-9B36-2B28FAC495FB}.Release|Any CPU.Build.0 = Release|Any CPU
		{06C6460C-8DDD-4C6D-AED1-6584A1563DCF}.Debug|Any CPU.ActiveCfg = Debug|Any CPU
		{06C6460C-8DDD-4C6D-AED1-6584A1563DCF}.Debug|Any CPU.Build.0 = Debug|Any CPU
		{06C6460C-8DDD-4C6D-AED1-6584A1563DCF}.Release|Any CPU.ActiveCfg = Release|Any CPU
		{06C6460C-8DDD-4C6D-AED1-6584A1563DCF}.Release|Any CPU.Build.0 = Release|Any CPU
		{42A3F4A1-3145-4C3D-B086-D98B745E09CD}.Debug|Any CPU.ActiveCfg = Debug|Any CPU
		{42A3F4A1-3145-4C3D-B086-D98B745E09CD}.Debug|Any CPU.Build.0 = Debug|Any CPU
		{42A3F4A1-3145-4C3D-B086-D98B745E09CD}.Release|Any CPU.ActiveCfg = Release|Any CPU
		{42A3F4A1-3145-4C3D-B086-D98B745E09CD}.Release|Any CPU.Build.0 = Release|Any CPU
		{92FB7BA2-EA3A-4C98-B075-8E4D742568B4}.Debug|Any CPU.ActiveCfg = Debug|Any CPU
		{92FB7BA2-EA3A-4C98-B075-8E4D742568B4}.Debug|Any CPU.Build.0 = Debug|Any CPU
		{92FB7BA2-EA3A-4C98-B075-8E4D742568B4}.Release|Any CPU.ActiveCfg = Release|Any CPU
		{92FB7BA2-EA3A-4C98-B075-8E4D742568B4}.Release|Any CPU.Build.0 = Release|Any CPU
	EndGlobalSection
	GlobalSection(SolutionProperties) = preSolution
		HideSolutionNode = FALSE
	EndGlobalSection
	GlobalSection(NestedProjects) = preSolution
		{3F39128A-3D6A-4A2B-AA8F-33557DB5F02A} = {823E48C0-9850-4BCD-98A0-E72994633CEA}
		{6F7D425C-44E7-46ED-83A2-DC750D81BEB5} = {AAB6E0C3-FA59-494B-8EDD-9D2FEE987631}
		{840DACC6-90C6-456C-B8E3-BF1D22C40103} = {AAB6E0C3-FA59-494B-8EDD-9D2FEE987631}
		{74202B06-D6B8-49D2-AA2C-F50C483FF16F} = {AAB6E0C3-FA59-494B-8EDD-9D2FEE987631}
		{806301C4-63DE-46E5-A39F-5CD8796BF443} = {AAB6E0C3-FA59-494B-8EDD-9D2FEE987631}
		{03493656-E1BA-45AA-97B6-480AEAFF13BF} = {AAB6E0C3-FA59-494B-8EDD-9D2FEE987631}
		{FBCC958B-218B-4DFC-90F2-3F4F2718C824} = {42C9DD32-E6D0-4918-BA8B-9A1041509127}
		{E9BDFAEE-8C1E-4CFB-97F9-29D55F7A029B} = {42C9DD32-E6D0-4918-BA8B-9A1041509127}
		{F22DB4DB-5BC9-4C57-8D34-B63B5A5B7533} = {42C9DD32-E6D0-4918-BA8B-9A1041509127}
		{3ACF87D2-FD4D-4EA4-BB1F-C0271ED47EE1} = {AAB6E0C3-FA59-494B-8EDD-9D2FEE987631}
		{8FD399EC-EDC0-4031-B162-1EB949E41E92} = {42C9DD32-E6D0-4918-BA8B-9A1041509127}
		{42C9D40C-2FC6-48EA-96AF-21AD5ED9B25C} = {42C9DD32-E6D0-4918-BA8B-9A1041509127}
		{E8E4F64E-9617-4247-859C-CC39472C2A9F} = {42C9DD32-E6D0-4918-BA8B-9A1041509127}
		{9B91EE48-B9A2-49BE-82A7-7349BCAA414D} = {FAC86F67-6AC1-46C4-9056-67B35123A1CD}
		{E9B4C4CA-59D3-4A92-82A8-FCF28C2EC028} = {FAC86F67-6AC1-46C4-9056-67B35123A1CD}
		{D022900B-47B1-41D4-B74B-47A76E55C905} = {AAB6E0C3-FA59-494B-8EDD-9D2FEE987631}
		{1FD35CF9-4D54-4866-B73E-F0B0ABDA9849} = {AAB6E0C3-FA59-494B-8EDD-9D2FEE987631}
		{5D3E908C-07F8-420D-BE94-9D831152CA2E} = {FAC86F67-6AC1-46C4-9056-67B35123A1CD}
		{9C7D63E0-297D-4C62-9B00-CFE8D0288A02} = {FAC86F67-6AC1-46C4-9056-67B35123A1CD}
		{315AC189-A1C1-4FC1-9893-E64CE7F9246F} = {AAB6E0C3-FA59-494B-8EDD-9D2FEE987631}
		{2AAFE2E1-7D55-44AB-B94A-42A9A9EADCF0} = {FAC86F67-6AC1-46C4-9056-67B35123A1CD}
		{1E4F6B7E-895B-41C0-8392-1C398794D775} = {FAC86F67-6AC1-46C4-9056-67B35123A1CD}
		{1BB3A1EE-9F2E-458D-9D6D-B16F0676230F} = {FAC86F67-6AC1-46C4-9056-67B35123A1CD}
		{5D3E601C-979E-43F1-B3C6-EC6A780112BD} = {FAC86F67-6AC1-46C4-9056-67B35123A1CD}
		{5007BBEF-6BAA-44B0-885E-153EC1FABDCC} = {AAB6E0C3-FA59-494B-8EDD-9D2FEE987631}
		{F7FCDC6D-AB7C-4433-B2AF-0721E868FD4F} = {AAB6E0C3-FA59-494B-8EDD-9D2FEE987631}
		{AB670BD6-44F7-497F-BC62-8A5976658372} = {AAB6E0C3-FA59-494B-8EDD-9D2FEE987631}
		{15692C8A-07C1-4A9E-8B1B-2B5E01E3A748} = {AAB6E0C3-FA59-494B-8EDD-9D2FEE987631}
		{42847330-520D-4415-8236-A51A555565A6} = {AAB6E0C3-FA59-494B-8EDD-9D2FEE987631}
		{A848921C-75ED-4650-9EF2-8287366FA5EC} = {AAB6E0C3-FA59-494B-8EDD-9D2FEE987631}
		{363308FB-798F-4F2B-A926-79A53CA1E328} = {AAB6E0C3-FA59-494B-8EDD-9D2FEE987631}
		{9CE1A495-6461-4B78-9B36-2B28FAC495FB} = {AAB6E0C3-FA59-494B-8EDD-9D2FEE987631}
		{06C6460C-8DDD-4C6D-AED1-6584A1563DCF} = {AAB6E0C3-FA59-494B-8EDD-9D2FEE987631}
		{42A3F4A1-3145-4C3D-B086-D98B745E09CD} = {AAB6E0C3-FA59-494B-8EDD-9D2FEE987631}
		{92FB7BA2-EA3A-4C98-B075-8E4D742568B4} = {AAB6E0C3-FA59-494B-8EDD-9D2FEE987631}
	EndGlobalSection
	GlobalSection(ExtensibilityGlobals) = postSolution
		SolutionGuid = {88883B2F-2D2D-4999-8236-EEB3FCB5D249}
	EndGlobalSection
EndGlobal
